
Microsoft Visual Studio Solution File, Format Version 12.00
# Visual Studio 15
Project("{FAE04EC0-301F-11D3-BF4B-00C04F79EFBC}") = "Unity.Timeline", "Unity.Timeline.csproj", "{A4CFAF20-51AB-34B1-5D35-649260F4481A}"
EndProject
Project("{FAE04EC0-301F-11D3-BF4B-00C04F79EFBC}") = "Unity.Timeline.Editor", "Unity.Timeline.Editor.csproj", "{EF358670-54A2-033C-6E3E-F52A98EDBDFC}"
EndProject
Project("{FAE04EC0-301F-11D3-BF4B-00C04F79EFBC}") = "Unity.TextMeshPro.Editor", "Unity.TextMeshPro.Editor.csproj", "{9C74F54E-1262-355B-5A17-7EE3C73CC7BD}"
EndProject
Project("{FAE04EC0-301F-11D3-BF4B-00C04F79EFBC}") = "Unity.Entities", "Unity.Entities.csproj", "{58842C7E-8D12-B5A5-D524-CED5E05F9FED}"
EndProject
Project("{FAE04EC0-301F-11D3-BF4B-00C04F79EFBC}") = "Unity.Services.Core.Internal", "Unity.Services.Core.Internal.csproj", "{F73BBB5D-AFDE-065B-3D32-055D73173CA3}"
EndProject
Project("{FAE04EC0-301F-11D3-BF4B-00C04F79EFBC}") = "Unity.Entities.Hybrid", "Unity.Entities.Hybrid.csproj", "{BAC5940F-61E2-1336-D2DC-F2CD6A0A2BBD}"
EndProject
Project("{FAE04EC0-301F-11D3-BF4B-00C04F79EFBC}") = "Unity.Serialization", "Unity.Serialization.csproj", "{8BD970A2-FB6C-D243-0944-BC8AC306C0EE}"
EndProject
Project("{FAE04EC0-301F-11D3-BF4B-00C04F79EFBC}") = "UnityEditor.UI", "UnityEditor.UI.csproj", "{2B96A3B7-D0C2-D4EA-0FEB-17FA95EBC724}"
EndProject
Project("{FAE04EC0-301F-11D3-BF4B-00C04F79EFBC}") = "Unity.Physics", "Unity.Physics.csproj", "{6E0CA14E-9BBE-9F50-D940-28546B7AF710}"
EndProject
Project("{FAE04EC0-301F-11D3-BF4B-00C04F79EFBC}") = "Unity.PlasticSCM.Editor", "Unity.PlasticSCM.Editor.csproj", "{700B17C2-2DDE-3B4D-F54E-10B33CF9A0C8}"
EndProject
Project("{FAE04EC0-301F-11D3-BF4B-00C04F79EFBC}") = "Unity.ScriptableBuildPipeline.Editor", "Unity.ScriptableBuildPipeline.Editor.csproj", "{709FCA49-D9D8-DDD9-F77A-8F70572D5338}"
EndProject
Project("{FAE04EC0-301F-11D3-BF4B-00C04F79EFBC}") = "UnityEditor.Purchasing", "UnityEditor.Purchasing.csproj", "{B0C15F71-7CFE-9D4F-A7DA-ADE669831EED}"
EndProject
Project("{FAE04EC0-301F-11D3-BF4B-00C04F79EFBC}") = "Unity.Entities.Editor", "Unity.Entities.Editor.csproj", "{F5EBEDD0-FBD2-7700-0080-40E09630951B}"
EndProject
Project("{FAE04EC0-301F-11D3-BF4B-00C04F79EFBC}") = "Unity.Mathematics", "Unity.Mathematics.csproj", "{3E851992-02B6-E249-7EAC-87AE4F4BBDA5}"
EndProject
Project("{FAE04EC0-301F-11D3-BF4B-00C04F79EFBC}") = "Unity.Physics.Hybrid", "Unity.Physics.Hybrid.csproj", "{4BA2A976-710A-98F1-6527-BB092EB84A68}"
EndProject
Project("{FAE04EC0-301F-11D3-BF4B-00C04F79EFBC}") = "UnityEngine.Purchasing.Stores", "UnityEngine.Purchasing.Stores.csproj", "{0CDFD872-D9C7-0DF1-3C9F-83722030AA53}"
EndProject
Project("{FAE04EC0-301F-11D3-BF4B-00C04F79EFBC}") = "Unity.Collections", "Unity.Collections.csproj", "{B2A5885E-655E-3F80-6082-ECDE6C331E62}"
EndProject
Project("{FAE04EC0-301F-11D3-BF4B-00C04F79EFBC}") = "UnityEngine.Purchasing", "UnityEngine.Purchasing.csproj", "{261B64B5-4271-DF21-9585-F75C0AC3F23F}"
EndProject
Project("{FAE04EC0-301F-11D3-BF4B-00C04F79EFBC}") = "Assembly-CSharp", "Assembly-CSharp.csproj", "{0A170DD3-D337-1FC9-07B8-EDC4ED13AF22}"
EndProject
Project("{FAE04EC0-301F-11D3-BF4B-00C04F79EFBC}") = "UnityEditor.TestRunner", "UnityEditor.TestRunner.csproj", "{6FE43D21-CB22-C9E8-16A4-A120D698E3E6}"
EndProject
Project("{FAE04EC0-301F-11D3-BF4B-00C04F79EFBC}") = "Unity.Entities.UI.Editor", "Unity.Entities.UI.Editor.csproj", "{CB131B1F-9CAD-D728-DB69-C09E9F15A380}"
EndProject
Project("{FAE04EC0-301F-11D3-BF4B-00C04F79EFBC}") = "UnityEngine.TestRunner", "UnityEngine.TestRunner.csproj", "{5390160C-74C3-7606-2B4C-7E860959FF75}"
EndProject
Project("{FAE04EC0-301F-11D3-BF4B-00C04F79EFBC}") = "Unity.PerformanceTesting.Editor", "Unity.PerformanceTesting.Editor.csproj", "{698FEB68-0AC6-E35F-735C-E68A811186E4}"
EndProject
Project("{FAE04EC0-301F-11D3-BF4B-00C04F79EFBC}") = "Unity.Burst", "Unity.Burst.csproj", "{5DAABA1D-7F30-295C-309A-B9FBF9F191AE}"
EndProject
Project("{FAE04EC0-301F-11D3-BF4B-00C04F79EFBC}") = "Unity.Services.Core.Environments.Editor", "Unity.Services.Core.Environments.Editor.csproj", "{1665F3A7-8206-6606-54E3-75A0CB818CEA}"
EndProject
Project("{FAE04EC0-301F-11D3-BF4B-00C04F79EFBC}") = "Unity.Services.Core", "Unity.Services.Core.csproj", "{7DDBBE00-B115-D968-4C5A-353C7838B5CA}"
EndProject
Project("{FAE04EC0-301F-11D3-BF4B-00C04F79EFBC}") = "Unity.Services.Core.Editor", "Unity.Services.Core.Editor.csproj", "{83FCCB18-DCCF-6E10-26FE-970390184BB7}"
EndProject
Project("{FAE04EC0-301F-11D3-BF4B-00C04F79EFBC}") = "UnityEngine.UI", "UnityEngine.UI.csproj", "{F4187455-3E86-6E4B-B415-31161ED0A64C}"
EndProject
Project("{FAE04EC0-301F-11D3-BF4B-00C04F79EFBC}") = "Unity.AI.Navigation.Editor", "Unity.AI.Navigation.Editor.csproj", "{C6A7E620-4437-3B67-727A-A38096F4F02E}"
EndProject
Project("{FAE04EC0-301F-11D3-BF4B-00C04F79EFBC}") = "Unity.Transforms", "Unity.Transforms.csproj", "{2537D6E6-7B01-E297-F806-177525CEF11D}"
EndProject
Project("{FAE04EC0-301F-11D3-BF4B-00C04F79EFBC}") = "Unity.VisualStudio.Editor", "Unity.VisualStudio.Editor.csproj", "{453BBD50-774C-3E88-97C5-B9FE6336F38C}"
EndProject
Project("{FAE04EC0-301F-11D3-BF4B-00C04F79EFBC}") = "Unity.PerformanceTesting", "Unity.PerformanceTesting.csproj", "{0B714B6F-55CA-F299-1740-3DB46DD11207}"
EndProject
Project("{FAE04EC0-301F-11D3-BF4B-00C04F79EFBC}") = "Unity.Scenes", "Unity.Scenes.csproj", "{23E243AF-D883-575D-38B9-3AF845CB3880}"
EndProject
Project("{FAE04EC0-301F-11D3-BF4B-00C04F79EFBC}") = "Unity.Entities.CodeGen", "Unity.Entities.CodeGen.csproj", "{F61F0639-0EE2-E733-6950-BDBA8EC60C89}"
EndProject
Project("{FAE04EC0-301F-11D3-BF4B-00C04F79EFBC}") = "Unity.Scenes.Editor", "Unity.Scenes.Editor.csproj", "{0566EDEE-AFA3-D7F9-86A8-20E01B9115E8}"
EndProject
Project("{FAE04EC0-301F-11D3-BF4B-00C04F79EFBC}") = "Unity.Rider.Editor", "Unity.Rider.Editor.csproj", "{85604332-F080-90B6-2BCE-CC6AEE4F12BC}"
EndProject
Project("{FAE04EC0-301F-11D3-BF4B-00C04F79EFBC}") = "Unity.Services.Core.Environments.Internal", "Unity.Services.Core.Environments.Internal.csproj", "{0C0E132C-3364-D6B2-31DA-1368B6583364}"
EndProject
Project("{FAE04EC0-301F-11D3-BF4B-00C04F79EFBC}") = "Unity.InternalAPIEngineBridge.002", "Unity.InternalAPIEngineBridge.002.csproj", "{58D9346F-C0EE-106A-4E3C-BF37E6ED7A71}"
EndProject
Project("{FAE04EC0-301F-11D3-BF4B-00C04F79EFBC}") = "Unity.Services.Core.Telemetry", "Unity.Services.Core.Telemetry.csproj", "{4110BEF5-5E87-D099-A1E2-3B353424177C}"
EndProject
Project("{FAE04EC0-301F-11D3-BF4B-00C04F79EFBC}") = "Unity.AI.Navigation", "Unity.AI.Navigation.csproj", "{B6DE8787-4B0B-E3B2-7DEB-E0E059F85DC8}"
EndProject
Project("{FAE04EC0-301F-11D3-BF4B-00C04F79EFBC}") = "UnityEngine.Purchasing.Codeless", "UnityEngine.Purchasing.Codeless.csproj", "{866B1A04-F02E-F37B-0432-A68D36EFC3DC}"
EndProject
Project("{FAE04EC0-301F-11D3-BF4B-00C04F79EFBC}") = "Unity.Services.Core.Configuration", "Unity.Services.Core.Configuration.csproj", "{465F0A4A-81D1-C30C-0CE9-DBF8149762DA}"
EndProject
Project("{FAE04EC0-301F-11D3-BF4B-00C04F79EFBC}") = "Unity.AI.Navigation.Editor.ConversionSystem", "Unity.AI.Navigation.Editor.ConversionSystem.csproj", "{23936CAC-A6D4-2FD1-7108-838DA170F6A7}"
EndProject
Project("{FAE04EC0-301F-11D3-BF4B-00C04F79EFBC}") = "Unity.InternalAPIEditorBridge.002", "Unity.InternalAPIEditorBridge.002.csproj", "{7FFA887F-CD3A-6C46-8073-15A2A47EDC2B}"
EndProject
Project("{FAE04EC0-301F-11D3-BF4B-00C04F79EFBC}") = "Unity.Burst.CodeGen", "Unity.Burst.CodeGen.csproj", "{512892A8-FDC5-2E42-50B5-CA1389E6C371}"
EndProject
Project("{FAE04EC0-301F-11D3-BF4B-00C04F79EFBC}") = "Unity.Services.Core.Configuration.Editor", "Unity.Services.Core.Configuration.Editor.csproj", "{AFDC62EB-D786-31D1-58A5-DB413184DF72}"
EndProject
Project("{FAE04EC0-301F-11D3-BF4B-00C04F79EFBC}") = "Unity.TextMeshPro", "Unity.TextMeshPro.csproj", "{263760E7-5305-20D5-4128-CF9FE8B0082D}"
EndProject
Project("{FAE04EC0-301F-11D3-BF4B-00C04F79EFBC}") = "Unity.Entities.Build", "Unity.Entities.Build.csproj", "{124970A4-1468-E561-DBEB-4300C5D69845}"
EndProject
Project("{FAE04EC0-301F-11D3-BF4B-00C04F79EFBC}") = "Unity.Services.Core.Networking", "Unity.Services.Core.Networking.csproj", "{C91C5907-D3F4-BC24-32ED-2F898480626F}"
EndProject
Project("{FAE04EC0-301F-11D3-BF4B-00C04F79EFBC}") = "Unity.Services.Core.Scheduler", "Unity.Services.Core.Scheduler.csproj", "{BDDC0790-4EC3-E100-2CB2-CA88522AEE9A}"
EndProject
Project("{FAE04EC0-301F-11D3-BF4B-00C04F79EFBC}") = "Unity.VSCode.Editor", "Unity.VSCode.Editor.csproj", "{711C495D-7A25-E0D7-F7E4-DC91CE99359E}"
EndProject
Project("{FAE04EC0-301F-11D3-BF4B-00C04F79EFBC}") = "Unity.Burst.Editor", "Unity.Burst.Editor.csproj", "{77E4FDFF-5AF7-236F-AB27-0DD318480814}"
EndProject
Project("{FAE04EC0-301F-11D3-BF4B-00C04F79EFBC}") = "Unity.2D.Sprite.Editor", "Unity.2D.Sprite.Editor.csproj", "{B7C9D687-8E6E-F8D6-56B5-DF86B23C1E1F}"
EndProject
Project("{FAE04EC0-301F-11D3-BF4B-00C04F79EFBC}") = "UnityEngine.Purchasing.AppleMacosStub", "UnityEngine.Purchasing.AppleMacosStub.csproj", "{658D5109-EB31-CC39-321C-8174E83A7187}"
EndProject
Project("{FAE04EC0-301F-11D3-BF4B-00C04F79EFBC}") = "Unity.AI.Navigation.Updater", "Unity.AI.Navigation.Updater.csproj", "{443F21BD-0CDB-C405-19B7-C108BB9598F1}"
EndProject
Project("{FAE04EC0-301F-11D3-BF4B-00C04F79EFBC}") = "Unity.Entities.Editor.Properties", "Unity.Entities.Editor.Properties.csproj", "{EEB4EFD2-F5C4-1AFC-0C10-0380113B4145}"
EndProject
Project("{FAE04EC0-301F-11D3-BF4B-00C04F79EFBC}") = "Unity.Physics.Editor", "Unity.Physics.Editor.csproj", "{2962A35E-41C5-B98A-C472-F3C8BF2160A0}"
EndProject
Project("{FAE04EC0-301F-11D3-BF4B-00C04F79EFBC}") = "UnityEngine.Purchasing.SecurityStub", "UnityEngine.Purchasing.SecurityStub.csproj", "{CF3B88FF-1CCF-A349-6D40-13E4DB377902}"
EndProject
Project("{FAE04EC0-301F-11D3-BF4B-00C04F79EFBC}") = "Unity.Services.Core.Registration", "Unity.Services.Core.Registration.csproj", "{3CA92B70-3B6A-A122-4C07-B967C1DB4C97}"
EndProject
Project("{FAE04EC0-301F-11D3-BF4B-00C04F79EFBC}") = "UnityEngine.Purchasing.SecurityCore", "UnityEngine.Purchasing.SecurityCore.csproj", "{60A89500-EE94-13E2-5DAD-9F87B23586D6}"
EndProject
Project("{FAE04EC0-301F-11D3-BF4B-00C04F79EFBC}") = "UnityEngine.Purchasing.WinRTStub", "UnityEngine.Purchasing.WinRTStub.csproj", "{4A49ECE7-8C13-37A1-B43F-2AE9E3CFD6A4}"
EndProject
Project("{FAE04EC0-301F-11D3-BF4B-00C04F79EFBC}") = "Unity.Services.Core.Analytics", "Unity.Services.Core.Analytics.csproj", "{A6E2CB5C-B835-FE09-8233-83D0C9E8536D}"
EndProject
Project("{FAE04EC0-301F-11D3-BF4B-00C04F79EFBC}") = "Unity.Entities.UI", "Unity.Entities.UI.csproj", "{97A229FD-511F-948F-EE0E-ED4180B719D7}"
EndProject
Project("{FAE04EC0-301F-11D3-BF4B-00C04F79EFBC}") = "GoogleMobileAds.Editor", "GoogleMobileAds.Editor.csproj", "{BE491E00-14CB-69C2-52B9-FBAED70406DB}"
EndProject
Project("{FAE04EC0-301F-11D3-BF4B-00C04F79EFBC}") = "Unity.Profiling.Core", "Unity.Profiling.Core.csproj", "{08B01FCF-B82D-76C5-910F-DE43B88C825F}"
EndProject
Project("{FAE04EC0-301F-11D3-BF4B-00C04F79EFBC}") = "Unity.Services.Core.Threading", "Unity.Services.Core.Threading.csproj", "{AEA27A8D-715F-A89C-1D97-88D083A7C73B}"
EndProject
Project("{FAE04EC0-301F-11D3-BF4B-00C04F79EFBC}") = "Unity.Core.Editor", "Unity.Core.Editor.csproj", "{1A4DCCD6-12D8-8158-3BA4-136B6DD5214D}"
EndProject
Project("{FAE04EC0-301F-11D3-BF4B-00C04F79EFBC}") = "Unity.Serialization.Editor", "Unity.Serialization.Editor.csproj", "{1D55436C-4202-7A62-5578-46F62F4B7B35}"
EndProject
Project("{FAE04EC0-301F-11D3-BF4B-00C04F79EFBC}") = "UnityEngine.Purchasing.AppleStub", "UnityEngine.Purchasing.AppleStub.csproj", "{FC3A9A6F-4FB5-F8D1-D0D8-A8C2E626C9DF}"
EndProject
Project("{FAE04EC0-301F-11D3-BF4B-00C04F79EFBC}") = "Unity.Mathematics.Extensions", "Unity.Mathematics.Extensions.csproj", "{81E0DF63-EAD1-91A6-2873-A6D468057DBD}"
EndProject
Project("{FAE04EC0-301F-11D3-BF4B-00C04F79EFBC}") = "Unity.Collections.CodeGen", "Unity.Collections.CodeGen.csproj", "{3AED6759-6157-A4F0-3616-6B25C4B3CB30}"
EndProject
Project("{FAE04EC0-301F-11D3-BF4B-00C04F79EFBC}") = "Unity.Mathematics.Editor", "Unity.Mathematics.Editor.csproj", "{1F6BC4A0-9D4E-CF0C-D087-73094A731C5D}"
EndProject
Project("{FAE04EC0-301F-11D3-BF4B-00C04F79EFBC}") = "Unity.Services.Core.Device", "Unity.Services.Core.Device.csproj", "{A9771F3C-B350-50C5-ACCF-926134D3CB76}"
EndProject
Project("{FAE04EC0-301F-11D3-BF4B-00C04F79EFBC}") = "Unity.Entities.Hybrid.HybridComponents", "Unity.Entities.Hybrid.HybridComponents.csproj", "{670B1294-312F-4A9E-CCD3-C2ADDD2CB0AC}"
EndProject
Project("{FAE04EC0-301F-11D3-BF4B-00C04F79EFBC}") = "UnityEngine.Purchasing.WinRTCore", "UnityEngine.Purchasing.WinRTCore.csproj", "{3B39B71C-E4CA-74C8-42D5-29BC9C215F1B}"
EndProject
Project("{FAE04EC0-301F-11D3-BF4B-00C04F79EFBC}") = "Purchasing.Common", "Purchasing.Common.csproj", "{0F90641E-A649-AC22-63B5-ECBE090FC332}"
EndProject
Project("{FAE04EC0-301F-11D3-BF4B-00C04F79EFBC}") = "Unity.Deformations", "Unity.Deformations.csproj", "{7E965264-8C84-AD27-645D-72C037F0983E}"
EndProject
Project("{FAE04EC0-301F-11D3-BF4B-00C04F79EFBC}") = "Unity.Transforms.Hybrid", "Unity.Transforms.Hybrid.csproj", "{F3C1268A-39F0-B35B-54D4-94260839F09E}"
EndProject
Project("{FAE04EC0-301F-11D3-BF4B-00C04F79EFBC}") = "Unity.Services.Core.Environments", "Unity.Services.Core.Environments.csproj", "{E0BEACC8-28F7-540F-257B-2BF4240CD8F8}"
EndProject
Project("{FAE04EC0-301F-11D3-BF4B-00C04F79EFBC}") = "Unity.Collections.Editor", "Unity.Collections.Editor.csproj", "{32568E32-86D1-DCC5-0160-8D48D6910F82}"
EndProject
Project("{FAE04EC0-301F-11D3-BF4B-00C04F79EFBC}") = "UnityEngine.Purchasing.AppleCore", "UnityEngine.Purchasing.AppleCore.csproj", "{39830FBE-ED96-E904-FA66-3F55A4E61AEC}"
EndProject
Project("{FAE04EC0-301F-11D3-BF4B-00C04F79EFBC}") = "Unity.Mathematics.Extensions.Hybrid", "Unity.Mathematics.Extensions.Hybrid.csproj", "{3A2CA20B-4BA7-667C-CB7D-C8506058F9B2}"
EndProject
Project("{FAE04EC0-301F-11D3-BF4B-00C04F79EFBC}") = "Unity.CollabProxy.Editor", "Unity.CollabProxy.Editor.csproj", "{AE9F8A4E-A5CE-C607-70CE-A894AD670BC6}"
EndProject
Project("{FAE04EC0-301F-11D3-BF4B-00C04F79EFBC}") = "Unity.ScriptableBuildPipeline", "Unity.ScriptableBuildPipeline.csproj", "{92FD60A0-E017-1BE3-966F-CD3375B34688}"
EndProject
Project("{FAE04EC0-301F-11D3-BF4B-00C04F79EFBC}") = "Unity.Timeline", "Unity.Timeline.Player.csproj", "{F55AD476-F2B2-D3DE-D648-493FC42DAE8E}"
EndProject
Project("{FAE04EC0-301F-11D3-BF4B-00C04F79EFBC}") = "Unity.Entities", "Unity.Entities.Player.csproj", "{A5AC1EF6-B8F4-0578-2B75-AD955BF4E919}"
EndProject
Project("{FAE04EC0-301F-11D3-BF4B-00C04F79EFBC}") = "Unity.Services.Core.Internal", "Unity.Services.Core.Internal.Player.csproj", "{E7958D00-FE13-54E2-7D0D-B9689DA35260}"
EndProject
Project("{FAE04EC0-301F-11D3-BF4B-00C04F79EFBC}") = "Unity.Entities.Hybrid", "Unity.Entities.Hybrid.Player.csproj", "{039B16B2-AA32-2086-5E55-76F3C292B2C6}"
EndProject
Project("{FAE04EC0-301F-11D3-BF4B-00C04F79EFBC}") = "Unity.Serialization", "Unity.Serialization.Player.csproj", "{389175B6-4F52-F059-3BDB-F71A160D1317}"
EndProject
Project("{FAE04EC0-301F-11D3-BF4B-00C04F79EFBC}") = "Unity.Physics", "Unity.Physics.Player.csproj", "{1F831906-5260-0D50-0E8B-DE9778E3C04B}"
EndProject
Project("{FAE04EC0-301F-11D3-BF4B-00C04F79EFBC}") = "Unity.Mathematics", "Unity.Mathematics.Player.csproj", "{E6B0E291-0154-DD0B-D1A4-A121523CDF8D}"
EndProject
Project("{FAE04EC0-301F-11D3-BF4B-00C04F79EFBC}") = "Unity.Physics.Hybrid", "Unity.Physics.Hybrid.Player.csproj", "{008A6555-4ED2-BAC6-F241-8AC7C7C86260}"
EndProject
Project("{FAE04EC0-301F-11D3-BF4B-00C04F79EFBC}") = "UnityEngine.Purchasing.Stores", "UnityEngine.Purchasing.Stores.Player.csproj", "{54A762C1-F78A-83C5-DF9D-E331FC1A9C8E}"
EndProject
Project("{FAE04EC0-301F-11D3-BF4B-00C04F79EFBC}") = "Unity.Collections", "Unity.Collections.Player.csproj", "{DBB1AEFB-6AE4-993C-0E0E-BF5C9544638E}"
EndProject
Project("{FAE04EC0-301F-11D3-BF4B-00C04F79EFBC}") = "UnityEngine.Purchasing", "UnityEngine.Purchasing.Player.csproj", "{CDE16A09-D330-8EAD-E358-E43EF5AD1D5B}"
EndProject
Project("{FAE04EC0-301F-11D3-BF4B-00C04F79EFBC}") = "Assembly-CSharp", "Assembly-CSharp.Player.csproj", "{20FB2EF5-8902-0735-C495-235D9D17E4D1}"
EndProject
Project("{FAE04EC0-301F-11D3-BF4B-00C04F79EFBC}") = "UnityEngine.TestRunner", "UnityEngine.TestRunner.Player.csproj", "{CEF5A5D9-ABCB-8150-5ACB-50E69A503FA4}"
EndProject
Project("{FAE04EC0-301F-11D3-BF4B-00C04F79EFBC}") = "Unity.Burst", "Unity.Burst.Player.csproj", "{AF52C81C-B3DB-1A48-238F-9EFB628AF9A8}"
EndProject
Project("{FAE04EC0-301F-11D3-BF4B-00C04F79EFBC}") = "Unity.Services.Core", "Unity.Services.Core.Player.csproj", "{71E838C2-087C-5456-61A3-33E8BD69585C}"
EndProject
Project("{FAE04EC0-301F-11D3-BF4B-00C04F79EFBC}") = "UnityEngine.UI", "UnityEngine.UI.Player.csproj", "{B0E0F256-6817-C955-53F2-600A0318CC3D}"
EndProject
Project("{FAE04EC0-301F-11D3-BF4B-00C04F79EFBC}") = "Unity.Transforms", "Unity.Transforms.Player.csproj", "{AACFB59A-4782-AA94-1AA0-438522430595}"
EndProject
Project("{FAE04EC0-301F-11D3-BF4B-00C04F79EFBC}") = "UnityEngine.Purchasing.Security", "UnityEngine.Purchasing.Security.Player.csproj", "{68E56092-DEBB-912E-ED76-6E26BBEE0D42}"
EndProject
Project("{FAE04EC0-301F-11D3-BF4B-00C04F79EFBC}") = "Unity.PerformanceTesting", "Unity.PerformanceTesting.Player.csproj", "{97374C40-CA15-ACDF-0C30-216982A48E34}"
EndProject
Project("{FAE04EC0-301F-11D3-BF4B-00C04F79EFBC}") = "Unity.Scenes", "Unity.Scenes.Player.csproj", "{2F562CB6-30EC-41A9-558D-39981215991E}"
EndProject
Project("{FAE04EC0-301F-11D3-BF4B-00C04F79EFBC}") = "Unity.Services.Core.Environments.Internal", "Unity.Services.Core.Environments.Internal.Player.csproj", "{F73A0E17-E54D-CC9A-AD4F-BEFACDD5296E}"
EndProject
Project("{FAE04EC0-301F-11D3-BF4B-00C04F79EFBC}") = "Unity.InternalAPIEngineBridge.002", "Unity.InternalAPIEngineBridge.002.Player.csproj", "{9425518E-EA08-9FB1-6BE3-C90DF85B37FB}"
EndProject
Project("{FAE04EC0-301F-11D3-BF4B-00C04F79EFBC}") = "Unity.Services.Core.Telemetry", "Unity.Services.Core.Telemetry.Player.csproj", "{4702DC91-861A-0657-69BF-9951ECF19E6A}"
EndProject
Project("{FAE04EC0-301F-11D3-BF4B-00C04F79EFBC}") = "Unity.AI.Navigation", "Unity.AI.Navigation.Player.csproj", "{CB7B02D7-5C81-5CE7-DD98-8C6DA452A952}"
EndProject
Project("{FAE04EC0-301F-11D3-BF4B-00C04F79EFBC}") = "UnityEngine.Purchasing.Codeless", "UnityEngine.Purchasing.Codeless.Player.csproj", "{0DCEBB2A-5109-C468-B08B-9FA9EB797D66}"
EndProject
Project("{FAE04EC0-301F-11D3-BF4B-00C04F79EFBC}") = "Unity.Services.Core.Configuration", "Unity.Services.Core.Configuration.Player.csproj", "{F4294B1F-FBD7-8A92-4171-819C1AB4823C}"
EndProject
Project("{FAE04EC0-301F-11D3-BF4B-00C04F79EFBC}") = "Unity.TextMeshPro", "Unity.TextMeshPro.Player.csproj", "{D1DB2BCD-3750-0B2E-BAF5-A7601961C252}"
EndProject
Project("{FAE04EC0-301F-11D3-BF4B-00C04F79EFBC}") = "Unity.Services.Core.Networking", "Unity.Services.Core.Networking.Player.csproj", "{77235F58-D8E9-B717-E490-766AB2332F15}"
EndProject
Project("{FAE04EC0-301F-11D3-BF4B-00C04F79EFBC}") = "Unity.Services.Core.Scheduler", "Unity.Services.Core.Scheduler.Player.csproj", "{86646818-48BD-D927-6894-18B8E985C2D4}"
EndProject
Project("{FAE04EC0-301F-11D3-BF4B-00C04F79EFBC}") = "UnityEngine.Purchasing.AppleMacosStub", "UnityEngine.Purchasing.AppleMacosStub.Player.csproj", "{AD3CFB34-BF94-4D04-8538-3283CAA4280C}"
EndProject
Project("{FAE04EC0-301F-11D3-BF4B-00C04F79EFBC}") = "Unity.Services.Core.Registration", "Unity.Services.Core.Registration.Player.csproj", "{194AF3DA-459F-9E52-4353-A41D5523B219}"
EndProject
Project("{FAE04EC0-301F-11D3-BF4B-00C04F79EFBC}") = "UnityEngine.Purchasing.SecurityCore", "UnityEngine.Purchasing.SecurityCore.Player.csproj", "{AE219741-358D-1538-5157-122AFEDAF1AD}"
EndProject
Project("{FAE04EC0-301F-11D3-BF4B-00C04F79EFBC}") = "UnityEngine.Purchasing.WinRTStub", "UnityEngine.Purchasing.WinRTStub.Player.csproj", "{7FB62071-B4D6-DE13-14C2-745CB0ACAB50}"
EndProject
Project("{FAE04EC0-301F-11D3-BF4B-00C04F79EFBC}") = "Unity.Services.Core.Analytics", "Unity.Services.Core.Analytics.Player.csproj", "{15827FEB-62D3-2C04-E3C5-2C6D8BC85D48}"
EndProject
Project("{FAE04EC0-301F-11D3-BF4B-00C04F79EFBC}") = "Unity.Entities.UI", "Unity.Entities.UI.Player.csproj", "{92040C29-FD8B-E3C8-7762-E57C40E38244}"
EndProject
Project("{FAE04EC0-301F-11D3-BF4B-00C04F79EFBC}") = "Unity.Profiling.Core", "Unity.Profiling.Core.Player.csproj", "{98AA0632-A9C6-C8AF-6C6E-E58781C437F7}"
EndProject
Project("{FAE04EC0-301F-11D3-BF4B-00C04F79EFBC}") = "Unity.Services.Core.Threading", "Unity.Services.Core.Threading.Player.csproj", "{026A8778-6E6F-9B2D-88C2-013954B87D02}"
EndProject
Project("{FAE04EC0-301F-11D3-BF4B-00C04F79EFBC}") = "UnityEngine.Purchasing.AppleStub", "UnityEngine.Purchasing.AppleStub.Player.csproj", "{2732355A-F59A-64A6-31A7-A54BF24A6712}"
EndProject
Project("{FAE04EC0-301F-11D3-BF4B-00C04F79EFBC}") = "Unity.Mathematics.Extensions", "Unity.Mathematics.Extensions.Player.csproj", "{285E5E86-1334-D3F3-4D51-4B125C6A02D3}"
EndProject
Project("{FAE04EC0-301F-11D3-BF4B-00C04F79EFBC}") = "Unity.Services.Core.Device", "Unity.Services.Core.Device.Player.csproj", "{97A59CB9-AFD7-ACD5-B2A0-04F8BDF158A3}"
EndProject
Project("{FAE04EC0-301F-11D3-BF4B-00C04F79EFBC}") = "Unity.Entities.Hybrid.HybridComponents", "Unity.Entities.Hybrid.HybridComponents.Player.csproj", "{3A2F6427-FA81-8553-873F-52CA778487ED}"
EndProject
Project("{FAE04EC0-301F-11D3-BF4B-00C04F79EFBC}") = "UnityEngine.Purchasing.WinRTCore", "UnityEngine.Purchasing.WinRTCore.Player.csproj", "{1815B3A6-47A4-D768-7399-F04A3A77E1B4}"
EndProject
Project("{FAE04EC0-301F-11D3-BF4B-00C04F79EFBC}") = "Purchasing.Common", "Purchasing.Common.Player.csproj", "{A17EB92D-2E28-5476-6C39-2FC03640DCCC}"
EndProject
Project("{FAE04EC0-301F-11D3-BF4B-00C04F79EFBC}") = "Unity.Deformations", "Unity.Deformations.Player.csproj", "{5BE7C894-1857-AF83-FB6C-C9BF1DE8345A}"
EndProject
Project("{FAE04EC0-301F-11D3-BF4B-00C04F79EFBC}") = "Unity.Transforms.Hybrid", "Unity.Transforms.Hybrid.Player.csproj", "{83C7F598-23EE-1C08-34A3-1AD58214BB8E}"
EndProject
Project("{FAE04EC0-301F-11D3-BF4B-00C04F79EFBC}") = "Unity.Services.Core.Environments", "Unity.Services.Core.Environments.Player.csproj", "{1FF77373-4611-2DE0-ED16-3D5C59642877}"
EndProject
Project("{FAE04EC0-301F-11D3-BF4B-00C04F79EFBC}") = "UnityEngine.Purchasing.AppleCore", "UnityEngine.Purchasing.AppleCore.Player.csproj", "{AC833B55-0A0F-2E45-75ED-98755437A5C1}"
EndProject
Project("{FAE04EC0-301F-11D3-BF4B-00C04F79EFBC}") = "Unity.Mathematics.Extensions.Hybrid", "Unity.Mathematics.Extensions.Hybrid.Player.csproj", "{6B932DE1-586B-6332-5128-B9D504F430E9}"
EndProject
Project("{FAE04EC0-301F-11D3-BF4B-00C04F79EFBC}") = "Unity.ScriptableBuildPipeline", "Unity.ScriptableBuildPipeline.Player.csproj", "{43E4237D-48B3-E8F7-72A5-56E275709CCD}"
EndProject
Global
	GlobalSection(SolutionConfigurationPlatforms) = preSolution
		Debug|Any CPU = Debug|Any CPU
		Release|Any CPU = Release|Any CPU
	EndGlobalSection
	GlobalSection(ProjectConfigurationPlatforms) = postSolution
		{A4CFAF20-51AB-34B1-5D35-649260F4481A}.Debug|Any CPU.ActiveCfg = Debug|Any CPU
		{A4CFAF20-51AB-34B1-5D35-649260F4481A}.Debug|Any CPU.Build.0 = Debug|Any CPU
		{A4CFAF20-51AB-34B1-5D35-649260F4481A}.Release|Any CPU.ActiveCfg = Release|Any CPU
		{A4CFAF20-51AB-34B1-5D35-649260F4481A}.Release|Any CPU.Build.0 = Release|Any CPU
		{EF358670-54A2-033C-6E3E-F52A98EDBDFC}.Debug|Any CPU.ActiveCfg = Debug|Any CPU
		{EF358670-54A2-033C-6E3E-F52A98EDBDFC}.Debug|Any CPU.Build.0 = Debug|Any CPU
		{EF358670-54A2-033C-6E3E-F52A98EDBDFC}.Release|Any CPU.ActiveCfg = Release|Any CPU
		{EF358670-54A2-033C-6E3E-F52A98EDBDFC}.Release|Any CPU.Build.0 = Release|Any CPU
		{9C74F54E-1262-355B-5A17-7EE3C73CC7BD}.Debug|Any CPU.ActiveCfg = Debug|Any CPU
		{9C74F54E-1262-355B-5A17-7EE3C73CC7BD}.Debug|Any CPU.Build.0 = Debug|Any CPU
		{9C74F54E-1262-355B-5A17-7EE3C73CC7BD}.Release|Any CPU.ActiveCfg = Release|Any CPU
		{9C74F54E-1262-355B-5A17-7EE3C73CC7BD}.Release|Any CPU.Build.0 = Release|Any CPU
		{58842C7E-8D12-B5A5-D524-CED5E05F9FED}.Debug|Any CPU.ActiveCfg = Debug|Any CPU
		{58842C7E-8D12-B5A5-D524-CED5E05F9FED}.Debug|Any CPU.Build.0 = Debug|Any CPU
		{58842C7E-8D12-B5A5-D524-CED5E05F9FED}.Release|Any CPU.ActiveCfg = Release|Any CPU
		{58842C7E-8D12-B5A5-D524-CED5E05F9FED}.Release|Any CPU.Build.0 = Release|Any CPU
		{F73BBB5D-AFDE-065B-3D32-055D73173CA3}.Debug|Any CPU.ActiveCfg = Debug|Any CPU
		{F73BBB5D-AFDE-065B-3D32-055D73173CA3}.Debug|Any CPU.Build.0 = Debug|Any CPU
		{F73BBB5D-AFDE-065B-3D32-055D73173CA3}.Release|Any CPU.ActiveCfg = Release|Any CPU
		{F73BBB5D-AFDE-065B-3D32-055D73173CA3}.Release|Any CPU.Build.0 = Release|Any CPU
		{BAC5940F-61E2-1336-D2DC-F2CD6A0A2BBD}.Debug|Any CPU.ActiveCfg = Debug|Any CPU
		{BAC5940F-61E2-1336-D2DC-F2CD6A0A2BBD}.Debug|Any CPU.Build.0 = Debug|Any CPU
		{BAC5940F-61E2-1336-D2DC-F2CD6A0A2BBD}.Release|Any CPU.ActiveCfg = Release|Any CPU
		{BAC5940F-61E2-1336-D2DC-F2CD6A0A2BBD}.Release|Any CPU.Build.0 = Release|Any CPU
		{8BD970A2-FB6C-D243-0944-BC8AC306C0EE}.Debug|Any CPU.ActiveCfg = Debug|Any CPU
		{8BD970A2-FB6C-D243-0944-BC8AC306C0EE}.Debug|Any CPU.Build.0 = Debug|Any CPU
		{8BD970A2-FB6C-D243-0944-BC8AC306C0EE}.Release|Any CPU.ActiveCfg = Release|Any CPU
		{8BD970A2-FB6C-D243-0944-BC8AC306C0EE}.Release|Any CPU.Build.0 = Release|Any CPU
		{2B96A3B7-D0C2-D4EA-0FEB-17FA95EBC724}.Debug|Any CPU.ActiveCfg = Debug|Any CPU
		{2B96A3B7-D0C2-D4EA-0FEB-17FA95EBC724}.Debug|Any CPU.Build.0 = Debug|Any CPU
		{2B96A3B7-D0C2-D4EA-0FEB-17FA95EBC724}.Release|Any CPU.ActiveCfg = Release|Any CPU
		{2B96A3B7-D0C2-D4EA-0FEB-17FA95EBC724}.Release|Any CPU.Build.0 = Release|Any CPU
		{6E0CA14E-9BBE-9F50-D940-28546B7AF710}.Debug|Any CPU.ActiveCfg = Debug|Any CPU
		{6E0CA14E-9BBE-9F50-D940-28546B7AF710}.Debug|Any CPU.Build.0 = Debug|Any CPU
		{6E0CA14E-9BBE-9F50-D940-28546B7AF710}.Release|Any CPU.ActiveCfg = Release|Any CPU
		{6E0CA14E-9BBE-9F50-D940-28546B7AF710}.Release|Any CPU.Build.0 = Release|Any CPU
		{700B17C2-2DDE-3B4D-F54E-10B33CF9A0C8}.Debug|Any CPU.ActiveCfg = Debug|Any CPU
		{700B17C2-2DDE-3B4D-F54E-10B33CF9A0C8}.Debug|Any CPU.Build.0 = Debug|Any CPU
		{700B17C2-2DDE-3B4D-F54E-10B33CF9A0C8}.Release|Any CPU.ActiveCfg = Release|Any CPU
		{700B17C2-2DDE-3B4D-F54E-10B33CF9A0C8}.Release|Any CPU.Build.0 = Release|Any CPU
		{709FCA49-D9D8-DDD9-F77A-8F70572D5338}.Debug|Any CPU.ActiveCfg = Debug|Any CPU
		{709FCA49-D9D8-DDD9-F77A-8F70572D5338}.Debug|Any CPU.Build.0 = Debug|Any CPU
		{709FCA49-D9D8-DDD9-F77A-8F70572D5338}.Release|Any CPU.ActiveCfg = Release|Any CPU
		{709FCA49-D9D8-DDD9-F77A-8F70572D5338}.Release|Any CPU.Build.0 = Release|Any CPU
		{B0C15F71-7CFE-9D4F-A7DA-ADE669831EED}.Debug|Any CPU.ActiveCfg = Debug|Any CPU
		{B0C15F71-7CFE-9D4F-A7DA-ADE669831EED}.Debug|Any CPU.Build.0 = Debug|Any CPU
		{B0C15F71-7CFE-9D4F-A7DA-ADE669831EED}.Release|Any CPU.ActiveCfg = Release|Any CPU
		{B0C15F71-7CFE-9D4F-A7DA-ADE669831EED}.Release|Any CPU.Build.0 = Release|Any CPU
		{F5EBEDD0-FBD2-7700-0080-40E09630951B}.Debug|Any CPU.ActiveCfg = Debug|Any CPU
		{F5EBEDD0-FBD2-7700-0080-40E09630951B}.Debug|Any CPU.Build.0 = Debug|Any CPU
		{F5EBEDD0-FBD2-7700-0080-40E09630951B}.Release|Any CPU.ActiveCfg = Release|Any CPU
		{F5EBEDD0-FBD2-7700-0080-40E09630951B}.Release|Any CPU.Build.0 = Release|Any CPU
		{3E851992-02B6-E249-7EAC-87AE4F4BBDA5}.Debug|Any CPU.ActiveCfg = Debug|Any CPU
		{3E851992-02B6-E249-7EAC-87AE4F4BBDA5}.Debug|Any CPU.Build.0 = Debug|Any CPU
		{3E851992-02B6-E249-7EAC-87AE4F4BBDA5}.Release|Any CPU.ActiveCfg = Release|Any CPU
		{3E851992-02B6-E249-7EAC-87AE4F4BBDA5}.Release|Any CPU.Build.0 = Release|Any CPU
		{4BA2A976-710A-98F1-6527-BB092EB84A68}.Debug|Any CPU.ActiveCfg = Debug|Any CPU
		{4BA2A976-710A-98F1-6527-BB092EB84A68}.Debug|Any CPU.Build.0 = Debug|Any CPU
		{4BA2A976-710A-98F1-6527-BB092EB84A68}.Release|Any CPU.ActiveCfg = Release|Any CPU
		{4BA2A976-710A-98F1-6527-BB092EB84A68}.Release|Any CPU.Build.0 = Release|Any CPU
		{0CDFD872-D9C7-0DF1-3C9F-83722030AA53}.Debug|Any CPU.ActiveCfg = Debug|Any CPU
		{0CDFD872-D9C7-0DF1-3C9F-83722030AA53}.Debug|Any CPU.Build.0 = Debug|Any CPU
		{0CDFD872-D9C7-0DF1-3C9F-83722030AA53}.Release|Any CPU.ActiveCfg = Release|Any CPU
		{0CDFD872-D9C7-0DF1-3C9F-83722030AA53}.Release|Any CPU.Build.0 = Release|Any CPU
		{B2A5885E-655E-3F80-6082-ECDE6C331E62}.Debug|Any CPU.ActiveCfg = Debug|Any CPU
		{B2A5885E-655E-3F80-6082-ECDE6C331E62}.Debug|Any CPU.Build.0 = Debug|Any CPU
		{B2A5885E-655E-3F80-6082-ECDE6C331E62}.Release|Any CPU.ActiveCfg = Release|Any CPU
		{B2A5885E-655E-3F80-6082-ECDE6C331E62}.Release|Any CPU.Build.0 = Release|Any CPU
		{261B64B5-4271-DF21-9585-F75C0AC3F23F}.Debug|Any CPU.ActiveCfg = Debug|Any CPU
		{261B64B5-4271-DF21-9585-F75C0AC3F23F}.Debug|Any CPU.Build.0 = Debug|Any CPU
		{261B64B5-4271-DF21-9585-F75C0AC3F23F}.Release|Any CPU.ActiveCfg = Release|Any CPU
		{261B64B5-4271-DF21-9585-F75C0AC3F23F}.Release|Any CPU.Build.0 = Release|Any CPU
		{0A170DD3-D337-1FC9-07B8-EDC4ED13AF22}.Debug|Any CPU.ActiveCfg = Debug|Any CPU
		{0A170DD3-D337-1FC9-07B8-EDC4ED13AF22}.Debug|Any CPU.Build.0 = Debug|Any CPU
		{0A170DD3-D337-1FC9-07B8-EDC4ED13AF22}.Release|Any CPU.ActiveCfg = Release|Any CPU
		{0A170DD3-D337-1FC9-07B8-EDC4ED13AF22}.Release|Any CPU.Build.0 = Release|Any CPU
		{6FE43D21-CB22-C9E8-16A4-A120D698E3E6}.Debug|Any CPU.ActiveCfg = Debug|Any CPU
		{6FE43D21-CB22-C9E8-16A4-A120D698E3E6}.Debug|Any CPU.Build.0 = Debug|Any CPU
		{6FE43D21-CB22-C9E8-16A4-A120D698E3E6}.Release|Any CPU.ActiveCfg = Release|Any CPU
		{6FE43D21-CB22-C9E8-16A4-A120D698E3E6}.Release|Any CPU.Build.0 = Release|Any CPU
		{CB131B1F-9CAD-D728-DB69-C09E9F15A380}.Debug|Any CPU.ActiveCfg = Debug|Any CPU
		{CB131B1F-9CAD-D728-DB69-C09E9F15A380}.Debug|Any CPU.Build.0 = Debug|Any CPU
		{CB131B1F-9CAD-D728-DB69-C09E9F15A380}.Release|Any CPU.ActiveCfg = Release|Any CPU
		{CB131B1F-9CAD-D728-DB69-C09E9F15A380}.Release|Any CPU.Build.0 = Release|Any CPU
		{5390160C-74C3-7606-2B4C-7E860959FF75}.Debug|Any CPU.ActiveCfg = Debug|Any CPU
		{5390160C-74C3-7606-2B4C-7E860959FF75}.Debug|Any CPU.Build.0 = Debug|Any CPU
		{5390160C-74C3-7606-2B4C-7E860959FF75}.Release|Any CPU.ActiveCfg = Release|Any CPU
		{5390160C-74C3-7606-2B4C-7E860959FF75}.Release|Any CPU.Build.0 = Release|Any CPU
		{698FEB68-0AC6-E35F-735C-E68A811186E4}.Debug|Any CPU.ActiveCfg = Debug|Any CPU
		{698FEB68-0AC6-E35F-735C-E68A811186E4}.Debug|Any CPU.Build.0 = Debug|Any CPU
		{698FEB68-0AC6-E35F-735C-E68A811186E4}.Release|Any CPU.ActiveCfg = Release|Any CPU
		{698FEB68-0AC6-E35F-735C-E68A811186E4}.Release|Any CPU.Build.0 = Release|Any CPU
		{5DAABA1D-7F30-295C-309A-B9FBF9F191AE}.Debug|Any CPU.ActiveCfg = Debug|Any CPU
		{5DAABA1D-7F30-295C-309A-B9FBF9F191AE}.Debug|Any CPU.Build.0 = Debug|Any CPU
		{5DAABA1D-7F30-295C-309A-B9FBF9F191AE}.Release|Any CPU.ActiveCfg = Release|Any CPU
		{5DAABA1D-7F30-295C-309A-B9FBF9F191AE}.Release|Any CPU.Build.0 = Release|Any CPU
		{1665F3A7-8206-6606-54E3-75A0CB818CEA}.Debug|Any CPU.ActiveCfg = Debug|Any CPU
		{1665F3A7-8206-6606-54E3-75A0CB818CEA}.Debug|Any CPU.Build.0 = Debug|Any CPU
		{1665F3A7-8206-6606-54E3-75A0CB818CEA}.Release|Any CPU.ActiveCfg = Release|Any CPU
		{1665F3A7-8206-6606-54E3-75A0CB818CEA}.Release|Any CPU.Build.0 = Release|Any CPU
		{7DDBBE00-B115-D968-4C5A-353C7838B5CA}.Debug|Any CPU.ActiveCfg = Debug|Any CPU
		{7DDBBE00-B115-D968-4C5A-353C7838B5CA}.Debug|Any CPU.Build.0 = Debug|Any CPU
		{7DDBBE00-B115-D968-4C5A-353C7838B5CA}.Release|Any CPU.ActiveCfg = Release|Any CPU
		{7DDBBE00-B115-D968-4C5A-353C7838B5CA}.Release|Any CPU.Build.0 = Release|Any CPU
		{83FCCB18-DCCF-6E10-26FE-970390184BB7}.Debug|Any CPU.ActiveCfg = Debug|Any CPU
		{83FCCB18-DCCF-6E10-26FE-970390184BB7}.Debug|Any CPU.Build.0 = Debug|Any CPU
		{83FCCB18-DCCF-6E10-26FE-970390184BB7}.Release|Any CPU.ActiveCfg = Release|Any CPU
		{83FCCB18-DCCF-6E10-26FE-970390184BB7}.Release|Any CPU.Build.0 = Release|Any CPU
		{F4187455-3E86-6E4B-B415-31161ED0A64C}.Debug|Any CPU.ActiveCfg = Debug|Any CPU
		{F4187455-3E86-6E4B-B415-31161ED0A64C}.Debug|Any CPU.Build.0 = Debug|Any CPU
		{F4187455-3E86-6E4B-B415-31161ED0A64C}.Release|Any CPU.ActiveCfg = Release|Any CPU
		{F4187455-3E86-6E4B-B415-31161ED0A64C}.Release|Any CPU.Build.0 = Release|Any CPU
		{C6A7E620-4437-3B67-727A-A38096F4F02E}.Debug|Any CPU.ActiveCfg = Debug|Any CPU
		{C6A7E620-4437-3B67-727A-A38096F4F02E}.Debug|Any CPU.Build.0 = Debug|Any CPU
		{C6A7E620-4437-3B67-727A-A38096F4F02E}.Release|Any CPU.ActiveCfg = Release|Any CPU
		{C6A7E620-4437-3B67-727A-A38096F4F02E}.Release|Any CPU.Build.0 = Release|Any CPU
		{2537D6E6-7B01-E297-F806-177525CEF11D}.Debug|Any CPU.ActiveCfg = Debug|Any CPU
		{2537D6E6-7B01-E297-F806-177525CEF11D}.Debug|Any CPU.Build.0 = Debug|Any CPU
		{2537D6E6-7B01-E297-F806-177525CEF11D}.Release|Any CPU.ActiveCfg = Release|Any CPU
		{2537D6E6-7B01-E297-F806-177525CEF11D}.Release|Any CPU.Build.0 = Release|Any CPU
		{453BBD50-774C-3E88-97C5-B9FE6336F38C}.Debug|Any CPU.ActiveCfg = Debug|Any CPU
		{453BBD50-774C-3E88-97C5-B9FE6336F38C}.Debug|Any CPU.Build.0 = Debug|Any CPU
		{453BBD50-774C-3E88-97C5-B9FE6336F38C}.Release|Any CPU.ActiveCfg = Release|Any CPU
		{453BBD50-774C-3E88-97C5-B9FE6336F38C}.Release|Any CPU.Build.0 = Release|Any CPU
		{0B714B6F-55CA-F299-1740-3DB46DD11207}.Debug|Any CPU.ActiveCfg = Debug|Any CPU
		{0B714B6F-55CA-F299-1740-3DB46DD11207}.Debug|Any CPU.Build.0 = Debug|Any CPU
		{0B714B6F-55CA-F299-1740-3DB46DD11207}.Release|Any CPU.ActiveCfg = Release|Any CPU
		{0B714B6F-55CA-F299-1740-3DB46DD11207}.Release|Any CPU.Build.0 = Release|Any CPU
		{23E243AF-D883-575D-38B9-3AF845CB3880}.Debug|Any CPU.ActiveCfg = Debug|Any CPU
		{23E243AF-D883-575D-38B9-3AF845CB3880}.Debug|Any CPU.Build.0 = Debug|Any CPU
		{23E243AF-D883-575D-38B9-3AF845CB3880}.Release|Any CPU.ActiveCfg = Release|Any CPU
		{23E243AF-D883-575D-38B9-3AF845CB3880}.Release|Any CPU.Build.0 = Release|Any CPU
		{F61F0639-0EE2-E733-6950-BDBA8EC60C89}.Debug|Any CPU.ActiveCfg = Debug|Any CPU
		{F61F0639-0EE2-E733-6950-BDBA8EC60C89}.Debug|Any CPU.Build.0 = Debug|Any CPU
		{F61F0639-0EE2-E733-6950-BDBA8EC60C89}.Release|Any CPU.ActiveCfg = Release|Any CPU
		{F61F0639-0EE2-E733-6950-BDBA8EC60C89}.Release|Any CPU.Build.0 = Release|Any CPU
		{0566EDEE-AFA3-D7F9-86A8-20E01B9115E8}.Debug|Any CPU.ActiveCfg = Debug|Any CPU
		{0566EDEE-AFA3-D7F9-86A8-20E01B9115E8}.Debug|Any CPU.Build.0 = Debug|Any CPU
		{0566EDEE-AFA3-D7F9-86A8-20E01B9115E8}.Release|Any CPU.ActiveCfg = Release|Any CPU
		{0566EDEE-AFA3-D7F9-86A8-20E01B9115E8}.Release|Any CPU.Build.0 = Release|Any CPU
		{85604332-F080-90B6-2BCE-CC6AEE4F12BC}.Debug|Any CPU.ActiveCfg = Debug|Any CPU
		{85604332-F080-90B6-2BCE-CC6AEE4F12BC}.Debug|Any CPU.Build.0 = Debug|Any CPU
		{85604332-F080-90B6-2BCE-CC6AEE4F12BC}.Release|Any CPU.ActiveCfg = Release|Any CPU
		{85604332-F080-90B6-2BCE-CC6AEE4F12BC}.Release|Any CPU.Build.0 = Release|Any CPU
		{0C0E132C-3364-D6B2-31DA-1368B6583364}.Debug|Any CPU.ActiveCfg = Debug|Any CPU
		{0C0E132C-3364-D6B2-31DA-1368B6583364}.Debug|Any CPU.Build.0 = Debug|Any CPU
		{0C0E132C-3364-D6B2-31DA-1368B6583364}.Release|Any CPU.ActiveCfg = Release|Any CPU
		{0C0E132C-3364-D6B2-31DA-1368B6583364}.Release|Any CPU.Build.0 = Release|Any CPU
		{58D9346F-C0EE-106A-4E3C-BF37E6ED7A71}.Debug|Any CPU.ActiveCfg = Debug|Any CPU
		{58D9346F-C0EE-106A-4E3C-BF37E6ED7A71}.Debug|Any CPU.Build.0 = Debug|Any CPU
		{58D9346F-C0EE-106A-4E3C-BF37E6ED7A71}.Release|Any CPU.ActiveCfg = Release|Any CPU
		{58D9346F-C0EE-106A-4E3C-BF37E6ED7A71}.Release|Any CPU.Build.0 = Release|Any CPU
		{4110BEF5-5E87-D099-A1E2-3B353424177C}.Debug|Any CPU.ActiveCfg = Debug|Any CPU
		{4110BEF5-5E87-D099-A1E2-3B353424177C}.Debug|Any CPU.Build.0 = Debug|Any CPU
		{4110BEF5-5E87-D099-A1E2-3B353424177C}.Release|Any CPU.ActiveCfg = Release|Any CPU
		{4110BEF5-5E87-D099-A1E2-3B353424177C}.Release|Any CPU.Build.0 = Release|Any CPU
		{B6DE8787-4B0B-E3B2-7DEB-E0E059F85DC8}.Debug|Any CPU.ActiveCfg = Debug|Any CPU
		{B6DE8787-4B0B-E3B2-7DEB-E0E059F85DC8}.Debug|Any CPU.Build.0 = Debug|Any CPU
		{B6DE8787-4B0B-E3B2-7DEB-E0E059F85DC8}.Release|Any CPU.ActiveCfg = Release|Any CPU
		{B6DE8787-4B0B-E3B2-7DEB-E0E059F85DC8}.Release|Any CPU.Build.0 = Release|Any CPU
		{866B1A04-F02E-F37B-0432-A68D36EFC3DC}.Debug|Any CPU.ActiveCfg = Debug|Any CPU
		{866B1A04-F02E-F37B-0432-A68D36EFC3DC}.Debug|Any CPU.Build.0 = Debug|Any CPU
		{866B1A04-F02E-F37B-0432-A68D36EFC3DC}.Release|Any CPU.ActiveCfg = Release|Any CPU
		{866B1A04-F02E-F37B-0432-A68D36EFC3DC}.Release|Any CPU.Build.0 = Release|Any CPU
		{465F0A4A-81D1-C30C-0CE9-DBF8149762DA}.Debug|Any CPU.ActiveCfg = Debug|Any CPU
		{465F0A4A-81D1-C30C-0CE9-DBF8149762DA}.Debug|Any CPU.Build.0 = Debug|Any CPU
		{465F0A4A-81D1-C30C-0CE9-DBF8149762DA}.Release|Any CPU.ActiveCfg = Release|Any CPU
		{465F0A4A-81D1-C30C-0CE9-DBF8149762DA}.Release|Any CPU.Build.0 = Release|Any CPU
		{23936CAC-A6D4-2FD1-7108-838DA170F6A7}.Debug|Any CPU.ActiveCfg = Debug|Any CPU
		{23936CAC-A6D4-2FD1-7108-838DA170F6A7}.Debug|Any CPU.Build.0 = Debug|Any CPU
		{23936CAC-A6D4-2FD1-7108-838DA170F6A7}.Release|Any CPU.ActiveCfg = Release|Any CPU
		{23936CAC-A6D4-2FD1-7108-838DA170F6A7}.Release|Any CPU.Build.0 = Release|Any CPU
		{7FFA887F-CD3A-6C46-8073-15A2A47EDC2B}.Debug|Any CPU.ActiveCfg = Debug|Any CPU
		{7FFA887F-CD3A-6C46-8073-15A2A47EDC2B}.Debug|Any CPU.Build.0 = Debug|Any CPU
		{7FFA887F-CD3A-6C46-8073-15A2A47EDC2B}.Release|Any CPU.ActiveCfg = Release|Any CPU
		{7FFA887F-CD3A-6C46-8073-15A2A47EDC2B}.Release|Any CPU.Build.0 = Release|Any CPU
		{512892A8-FDC5-2E42-50B5-CA1389E6C371}.Debug|Any CPU.ActiveCfg = Debug|Any CPU
		{512892A8-FDC5-2E42-50B5-CA1389E6C371}.Debug|Any CPU.Build.0 = Debug|Any CPU
		{512892A8-FDC5-2E42-50B5-CA1389E6C371}.Release|Any CPU.ActiveCfg = Release|Any CPU
		{512892A8-FDC5-2E42-50B5-CA1389E6C371}.Release|Any CPU.Build.0 = Release|Any CPU
		{AFDC62EB-D786-31D1-58A5-DB413184DF72}.Debug|Any CPU.ActiveCfg = Debug|Any CPU
		{AFDC62EB-D786-31D1-58A5-DB413184DF72}.Debug|Any CPU.Build.0 = Debug|Any CPU
		{AFDC62EB-D786-31D1-58A5-DB413184DF72}.Release|Any CPU.ActiveCfg = Release|Any CPU
		{AFDC62EB-D786-31D1-58A5-DB413184DF72}.Release|Any CPU.Build.0 = Release|Any CPU
		{263760E7-5305-20D5-4128-CF9FE8B0082D}.Debug|Any CPU.ActiveCfg = Debug|Any CPU
		{263760E7-5305-20D5-4128-CF9FE8B0082D}.Debug|Any CPU.Build.0 = Debug|Any CPU
		{263760E7-5305-20D5-4128-CF9FE8B0082D}.Release|Any CPU.ActiveCfg = Release|Any CPU
		{263760E7-5305-20D5-4128-CF9FE8B0082D}.Release|Any CPU.Build.0 = Release|Any CPU
		{124970A4-1468-E561-DBEB-4300C5D69845}.Debug|Any CPU.ActiveCfg = Debug|Any CPU
		{124970A4-1468-E561-DBEB-4300C5D69845}.Debug|Any CPU.Build.0 = Debug|Any CPU
		{124970A4-1468-E561-DBEB-4300C5D69845}.Release|Any CPU.ActiveCfg = Release|Any CPU
		{124970A4-1468-E561-DBEB-4300C5D69845}.Release|Any CPU.Build.0 = Release|Any CPU
		{C91C5907-D3F4-BC24-32ED-2F898480626F}.Debug|Any CPU.ActiveCfg = Debug|Any CPU
		{C91C5907-D3F4-BC24-32ED-2F898480626F}.Debug|Any CPU.Build.0 = Debug|Any CPU
		{C91C5907-D3F4-BC24-32ED-2F898480626F}.Release|Any CPU.ActiveCfg = Release|Any CPU
		{C91C5907-D3F4-BC24-32ED-2F898480626F}.Release|Any CPU.Build.0 = Release|Any CPU
		{BDDC0790-4EC3-E100-2CB2-CA88522AEE9A}.Debug|Any CPU.ActiveCfg = Debug|Any CPU
		{BDDC0790-4EC3-E100-2CB2-CA88522AEE9A}.Debug|Any CPU.Build.0 = Debug|Any CPU
		{BDDC0790-4EC3-E100-2CB2-CA88522AEE9A}.Release|Any CPU.ActiveCfg = Release|Any CPU
		{BDDC0790-4EC3-E100-2CB2-CA88522AEE9A}.Release|Any CPU.Build.0 = Release|Any CPU
		{711C495D-7A25-E0D7-F7E4-DC91CE99359E}.Debug|Any CPU.ActiveCfg = Debug|Any CPU
		{711C495D-7A25-E0D7-F7E4-DC91CE99359E}.Debug|Any CPU.Build.0 = Debug|Any CPU
		{711C495D-7A25-E0D7-F7E4-DC91CE99359E}.Release|Any CPU.ActiveCfg = Release|Any CPU
		{711C495D-7A25-E0D7-F7E4-DC91CE99359E}.Release|Any CPU.Build.0 = Release|Any CPU
		{77E4FDFF-5AF7-236F-AB27-0DD318480814}.Debug|Any CPU.ActiveCfg = Debug|Any CPU
		{77E4FDFF-5AF7-236F-AB27-0DD318480814}.Debug|Any CPU.Build.0 = Debug|Any CPU
		{77E4FDFF-5AF7-236F-AB27-0DD318480814}.Release|Any CPU.ActiveCfg = Release|Any CPU
		{77E4FDFF-5AF7-236F-AB27-0DD318480814}.Release|Any CPU.Build.0 = Release|Any CPU
		{B7C9D687-8E6E-F8D6-56B5-DF86B23C1E1F}.Debug|Any CPU.ActiveCfg = Debug|Any CPU
		{B7C9D687-8E6E-F8D6-56B5-DF86B23C1E1F}.Debug|Any CPU.Build.0 = Debug|Any CPU
		{B7C9D687-8E6E-F8D6-56B5-DF86B23C1E1F}.Release|Any CPU.ActiveCfg = Release|Any CPU
		{B7C9D687-8E6E-F8D6-56B5-DF86B23C1E1F}.Release|Any CPU.Build.0 = Release|Any CPU
		{658D5109-EB31-CC39-321C-8174E83A7187}.Debug|Any CPU.ActiveCfg = Debug|Any CPU
		{658D5109-EB31-CC39-321C-8174E83A7187}.Debug|Any CPU.Build.0 = Debug|Any CPU
		{658D5109-EB31-CC39-321C-8174E83A7187}.Release|Any CPU.ActiveCfg = Release|Any CPU
		{658D5109-EB31-CC39-321C-8174E83A7187}.Release|Any CPU.Build.0 = Release|Any CPU
		{443F21BD-0CDB-C405-19B7-C108BB9598F1}.Debug|Any CPU.ActiveCfg = Debug|Any CPU
		{443F21BD-0CDB-C405-19B7-C108BB9598F1}.Debug|Any CPU.Build.0 = Debug|Any CPU
		{443F21BD-0CDB-C405-19B7-C108BB9598F1}.Release|Any CPU.ActiveCfg = Release|Any CPU
		{443F21BD-0CDB-C405-19B7-C108BB9598F1}.Release|Any CPU.Build.0 = Release|Any CPU
		{EEB4EFD2-F5C4-1AFC-0C10-0380113B4145}.Debug|Any CPU.ActiveCfg = Debug|Any CPU
		{EEB4EFD2-F5C4-1AFC-0C10-0380113B4145}.Debug|Any CPU.Build.0 = Debug|Any CPU
		{EEB4EFD2-F5C4-1AFC-0C10-0380113B4145}.Release|Any CPU.ActiveCfg = Release|Any CPU
		{EEB4EFD2-F5C4-1AFC-0C10-0380113B4145}.Release|Any CPU.Build.0 = Release|Any CPU
		{2962A35E-41C5-B98A-C472-F3C8BF2160A0}.Debug|Any CPU.ActiveCfg = Debug|Any CPU
		{2962A35E-41C5-B98A-C472-F3C8BF2160A0}.Debug|Any CPU.Build.0 = Debug|Any CPU
		{2962A35E-41C5-B98A-C472-F3C8BF2160A0}.Release|Any CPU.ActiveCfg = Release|Any CPU
		{2962A35E-41C5-B98A-C472-F3C8BF2160A0}.Release|Any CPU.Build.0 = Release|Any CPU
		{CF3B88FF-1CCF-A349-6D40-13E4DB377902}.Debug|Any CPU.ActiveCfg = Debug|Any CPU
		{CF3B88FF-1CCF-A349-6D40-13E4DB377902}.Debug|Any CPU.Build.0 = Debug|Any CPU
		{CF3B88FF-1CCF-A349-6D40-13E4DB377902}.Release|Any CPU.ActiveCfg = Release|Any CPU
		{CF3B88FF-1CCF-A349-6D40-13E4DB377902}.Release|Any CPU.Build.0 = Release|Any CPU
		{3CA92B70-3B6A-A122-4C07-B967C1DB4C97}.Debug|Any CPU.ActiveCfg = Debug|Any CPU
		{3CA92B70-3B6A-A122-4C07-B967C1DB4C97}.Debug|Any CPU.Build.0 = Debug|Any CPU
		{3CA92B70-3B6A-A122-4C07-B967C1DB4C97}.Release|Any CPU.ActiveCfg = Release|Any CPU
		{3CA92B70-3B6A-A122-4C07-B967C1DB4C97}.Release|Any CPU.Build.0 = Release|Any CPU
		{60A89500-EE94-13E2-5DAD-9F87B23586D6}.Debug|Any CPU.ActiveCfg = Debug|Any CPU
		{60A89500-EE94-13E2-5DAD-9F87B23586D6}.Debug|Any CPU.Build.0 = Debug|Any CPU
		{60A89500-EE94-13E2-5DAD-9F87B23586D6}.Release|Any CPU.ActiveCfg = Release|Any CPU
		{60A89500-EE94-13E2-5DAD-9F87B23586D6}.Release|Any CPU.Build.0 = Release|Any CPU
		{4A49ECE7-8C13-37A1-B43F-2AE9E3CFD6A4}.Debug|Any CPU.ActiveCfg = Debug|Any CPU
		{4A49ECE7-8C13-37A1-B43F-2AE9E3CFD6A4}.Debug|Any CPU.Build.0 = Debug|Any CPU
		{4A49ECE7-8C13-37A1-B43F-2AE9E3CFD6A4}.Release|Any CPU.ActiveCfg = Release|Any CPU
		{4A49ECE7-8C13-37A1-B43F-2AE9E3CFD6A4}.Release|Any CPU.Build.0 = Release|Any CPU
		{A6E2CB5C-B835-FE09-8233-83D0C9E8536D}.Debug|Any CPU.ActiveCfg = Debug|Any CPU
		{A6E2CB5C-B835-FE09-8233-83D0C9E8536D}.Debug|Any CPU.Build.0 = Debug|Any CPU
		{A6E2CB5C-B835-FE09-8233-83D0C9E8536D}.Release|Any CPU.ActiveCfg = Release|Any CPU
		{A6E2CB5C-B835-FE09-8233-83D0C9E8536D}.Release|Any CPU.Build.0 = Release|Any CPU
		{97A229FD-511F-948F-EE0E-ED4180B719D7}.Debug|Any CPU.ActiveCfg = Debug|Any CPU
		{97A229FD-511F-948F-EE0E-ED4180B719D7}.Debug|Any CPU.Build.0 = Debug|Any CPU
		{97A229FD-511F-948F-EE0E-ED4180B719D7}.Release|Any CPU.ActiveCfg = Release|Any CPU
		{97A229FD-511F-948F-EE0E-ED4180B719D7}.Release|Any CPU.Build.0 = Release|Any CPU
		{BE491E00-14CB-69C2-52B9-FBAED70406DB}.Debug|Any CPU.ActiveCfg = Debug|Any CPU
		{BE491E00-14CB-69C2-52B9-FBAED70406DB}.Debug|Any CPU.Build.0 = Debug|Any CPU
		{BE491E00-14CB-69C2-52B9-FBAED70406DB}.Release|Any CPU.ActiveCfg = Release|Any CPU
		{BE491E00-14CB-69C2-52B9-FBAED70406DB}.Release|Any CPU.Build.0 = Release|Any CPU
		{08B01FCF-B82D-76C5-910F-DE43B88C825F}.Debug|Any CPU.ActiveCfg = Debug|Any CPU
		{08B01FCF-B82D-76C5-910F-DE43B88C825F}.Debug|Any CPU.Build.0 = Debug|Any CPU
		{08B01FCF-B82D-76C5-910F-DE43B88C825F}.Release|Any CPU.ActiveCfg = Release|Any CPU
		{08B01FCF-B82D-76C5-910F-DE43B88C825F}.Release|Any CPU.Build.0 = Release|Any CPU
		{AEA27A8D-715F-A89C-1D97-88D083A7C73B}.Debug|Any CPU.ActiveCfg = Debug|Any CPU
		{AEA27A8D-715F-A89C-1D97-88D083A7C73B}.Debug|Any CPU.Build.0 = Debug|Any CPU
		{AEA27A8D-715F-A89C-1D97-88D083A7C73B}.Release|Any CPU.ActiveCfg = Release|Any CPU
		{AEA27A8D-715F-A89C-1D97-88D083A7C73B}.Release|Any CPU.Build.0 = Release|Any CPU
		{1A4DCCD6-12D8-8158-3BA4-136B6DD5214D}.Debug|Any CPU.ActiveCfg = Debug|Any CPU
		{1A4DCCD6-12D8-8158-3BA4-136B6DD5214D}.Debug|Any CPU.Build.0 = Debug|Any CPU
		{1A4DCCD6-12D8-8158-3BA4-136B6DD5214D}.Release|Any CPU.ActiveCfg = Release|Any CPU
		{1A4DCCD6-12D8-8158-3BA4-136B6DD5214D}.Release|Any CPU.Build.0 = Release|Any CPU
		{1D55436C-4202-7A62-5578-46F62F4B7B35}.Debug|Any CPU.ActiveCfg = Debug|Any CPU
		{1D55436C-4202-7A62-5578-46F62F4B7B35}.Debug|Any CPU.Build.0 = Debug|Any CPU
		{1D55436C-4202-7A62-5578-46F62F4B7B35}.Release|Any CPU.ActiveCfg = Release|Any CPU
		{1D55436C-4202-7A62-5578-46F62F4B7B35}.Release|Any CPU.Build.0 = Release|Any CPU
		{FC3A9A6F-4FB5-F8D1-D0D8-A8C2E626C9DF}.Debug|Any CPU.ActiveCfg = Debug|Any CPU
		{FC3A9A6F-4FB5-F8D1-D0D8-A8C2E626C9DF}.Debug|Any CPU.Build.0 = Debug|Any CPU
		{FC3A9A6F-4FB5-F8D1-D0D8-A8C2E626C9DF}.Release|Any CPU.ActiveCfg = Release|Any CPU
		{FC3A9A6F-4FB5-F8D1-D0D8-A8C2E626C9DF}.Release|Any CPU.Build.0 = Release|Any CPU
		{81E0DF63-EAD1-91A6-2873-A6D468057DBD}.Debug|Any CPU.ActiveCfg = Debug|Any CPU
		{81E0DF63-EAD1-91A6-2873-A6D468057DBD}.Debug|Any CPU.Build.0 = Debug|Any CPU
		{81E0DF63-EAD1-91A6-2873-A6D468057DBD}.Release|Any CPU.ActiveCfg = Release|Any CPU
		{81E0DF63-EAD1-91A6-2873-A6D468057DBD}.Release|Any CPU.Build.0 = Release|Any CPU
		{3AED6759-6157-A4F0-3616-6B25C4B3CB30}.Debug|Any CPU.ActiveCfg = Debug|Any CPU
		{3AED6759-6157-A4F0-3616-6B25C4B3CB30}.Debug|Any CPU.Build.0 = Debug|Any CPU
		{3AED6759-6157-A4F0-3616-6B25C4B3CB30}.Release|Any CPU.ActiveCfg = Release|Any CPU
		{3AED6759-6157-A4F0-3616-6B25C4B3CB30}.Release|Any CPU.Build.0 = Release|Any CPU
		{1F6BC4A0-9D4E-CF0C-D087-73094A731C5D}.Debug|Any CPU.ActiveCfg = Debug|Any CPU
		{1F6BC4A0-9D4E-CF0C-D087-73094A731C5D}.Debug|Any CPU.Build.0 = Debug|Any CPU
		{1F6BC4A0-9D4E-CF0C-D087-73094A731C5D}.Release|Any CPU.ActiveCfg = Release|Any CPU
		{1F6BC4A0-9D4E-CF0C-D087-73094A731C5D}.Release|Any CPU.Build.0 = Release|Any CPU
		{A9771F3C-B350-50C5-ACCF-926134D3CB76}.Debug|Any CPU.ActiveCfg = Debug|Any CPU
		{A9771F3C-B350-50C5-ACCF-926134D3CB76}.Debug|Any CPU.Build.0 = Debug|Any CPU
		{A9771F3C-B350-50C5-ACCF-926134D3CB76}.Release|Any CPU.ActiveCfg = Release|Any CPU
		{A9771F3C-B350-50C5-ACCF-926134D3CB76}.Release|Any CPU.Build.0 = Release|Any CPU
		{670B1294-312F-4A9E-CCD3-C2ADDD2CB0AC}.Debug|Any CPU.ActiveCfg = Debug|Any CPU
		{670B1294-312F-4A9E-CCD3-C2ADDD2CB0AC}.Debug|Any CPU.Build.0 = Debug|Any CPU
		{670B1294-312F-4A9E-CCD3-C2ADDD2CB0AC}.Release|Any CPU.ActiveCfg = Release|Any CPU
		{670B1294-312F-4A9E-CCD3-C2ADDD2CB0AC}.Release|Any CPU.Build.0 = Release|Any CPU
		{3B39B71C-E4CA-74C8-42D5-29BC9C215F1B}.Debug|Any CPU.ActiveCfg = Debug|Any CPU
		{3B39B71C-E4CA-74C8-42D5-29BC9C215F1B}.Debug|Any CPU.Build.0 = Debug|Any CPU
		{3B39B71C-E4CA-74C8-42D5-29BC9C215F1B}.Release|Any CPU.ActiveCfg = Release|Any CPU
		{3B39B71C-E4CA-74C8-42D5-29BC9C215F1B}.Release|Any CPU.Build.0 = Release|Any CPU
		{0F90641E-A649-AC22-63B5-ECBE090FC332}.Debug|Any CPU.ActiveCfg = Debug|Any CPU
		{0F90641E-A649-AC22-63B5-ECBE090FC332}.Debug|Any CPU.Build.0 = Debug|Any CPU
		{0F90641E-A649-AC22-63B5-ECBE090FC332}.Release|Any CPU.ActiveCfg = Release|Any CPU
		{0F90641E-A649-AC22-63B5-ECBE090FC332}.Release|Any CPU.Build.0 = Release|Any CPU
		{7E965264-8C84-AD27-645D-72C037F0983E}.Debug|Any CPU.ActiveCfg = Debug|Any CPU
		{7E965264-8C84-AD27-645D-72C037F0983E}.Debug|Any CPU.Build.0 = Debug|Any CPU
		{7E965264-8C84-AD27-645D-72C037F0983E}.Release|Any CPU.ActiveCfg = Release|Any CPU
		{7E965264-8C84-AD27-645D-72C037F0983E}.Release|Any CPU.Build.0 = Release|Any CPU
		{F3C1268A-39F0-B35B-54D4-94260839F09E}.Debug|Any CPU.ActiveCfg = Debug|Any CPU
		{F3C1268A-39F0-B35B-54D4-94260839F09E}.Debug|Any CPU.Build.0 = Debug|Any CPU
		{F3C1268A-39F0-B35B-54D4-94260839F09E}.Release|Any CPU.ActiveCfg = Release|Any CPU
		{F3C1268A-39F0-B35B-54D4-94260839F09E}.Release|Any CPU.Build.0 = Release|Any CPU
		{E0BEACC8-28F7-540F-257B-2BF4240CD8F8}.Debug|Any CPU.ActiveCfg = Debug|Any CPU
		{E0BEACC8-28F7-540F-257B-2BF4240CD8F8}.Debug|Any CPU.Build.0 = Debug|Any CPU
		{E0BEACC8-28F7-540F-257B-2BF4240CD8F8}.Release|Any CPU.ActiveCfg = Release|Any CPU
		{E0BEACC8-28F7-540F-257B-2BF4240CD8F8}.Release|Any CPU.Build.0 = Release|Any CPU
		{32568E32-86D1-DCC5-0160-8D48D6910F82}.Debug|Any CPU.ActiveCfg = Debug|Any CPU
		{32568E32-86D1-DCC5-0160-8D48D6910F82}.Debug|Any CPU.Build.0 = Debug|Any CPU
		{32568E32-86D1-DCC5-0160-8D48D6910F82}.Release|Any CPU.ActiveCfg = Release|Any CPU
		{32568E32-86D1-DCC5-0160-8D48D6910F82}.Release|Any CPU.Build.0 = Release|Any CPU
		{39830FBE-ED96-E904-FA66-3F55A4E61AEC}.Debug|Any CPU.ActiveCfg = Debug|Any CPU
		{39830FBE-ED96-E904-FA66-3F55A4E61AEC}.Debug|Any CPU.Build.0 = Debug|Any CPU
		{39830FBE-ED96-E904-FA66-3F55A4E61AEC}.Release|Any CPU.ActiveCfg = Release|Any CPU
		{39830FBE-ED96-E904-FA66-3F55A4E61AEC}.Release|Any CPU.Build.0 = Release|Any CPU
		{3A2CA20B-4BA7-667C-CB7D-C8506058F9B2}.Debug|Any CPU.ActiveCfg = Debug|Any CPU
		{3A2CA20B-4BA7-667C-CB7D-C8506058F9B2}.Debug|Any CPU.Build.0 = Debug|Any CPU
		{3A2CA20B-4BA7-667C-CB7D-C8506058F9B2}.Release|Any CPU.ActiveCfg = Release|Any CPU
		{3A2CA20B-4BA7-667C-CB7D-C8506058F9B2}.Release|Any CPU.Build.0 = Release|Any CPU
		{AE9F8A4E-A5CE-C607-70CE-A894AD670BC6}.Debug|Any CPU.ActiveCfg = Debug|Any CPU
		{AE9F8A4E-A5CE-C607-70CE-A894AD670BC6}.Debug|Any CPU.Build.0 = Debug|Any CPU
		{AE9F8A4E-A5CE-C607-70CE-A894AD670BC6}.Release|Any CPU.ActiveCfg = Release|Any CPU
		{AE9F8A4E-A5CE-C607-70CE-A894AD670BC6}.Release|Any CPU.Build.0 = Release|Any CPU
		{92FD60A0-E017-1BE3-966F-CD3375B34688}.Debug|Any CPU.ActiveCfg = Debug|Any CPU
		{92FD60A0-E017-1BE3-966F-CD3375B34688}.Debug|Any CPU.Build.0 = Debug|Any CPU
		{92FD60A0-E017-1BE3-966F-CD3375B34688}.Release|Any CPU.ActiveCfg = Release|Any CPU
		{92FD60A0-E017-1BE3-966F-CD3375B34688}.Release|Any CPU.Build.0 = Release|Any CPU
		{F55AD476-F2B2-D3DE-D648-493FC42DAE8E}.Debug|Any CPU.ActiveCfg = Debug|Any CPU
		{F55AD476-F2B2-D3DE-D648-493FC42DAE8E}.Debug|Any CPU.Build.0 = Debug|Any CPU
		{F55AD476-F2B2-D3DE-D648-493FC42DAE8E}.Release|Any CPU.ActiveCfg = Release|Any CPU
		{F55AD476-F2B2-D3DE-D648-493FC42DAE8E}.Release|Any CPU.Build.0 = Release|Any CPU
		{A5AC1EF6-B8F4-0578-2B75-AD955BF4E919}.Debug|Any CPU.ActiveCfg = Debug|Any CPU
		{A5AC1EF6-B8F4-0578-2B75-AD955BF4E919}.Debug|Any CPU.Build.0 = Debug|Any CPU
		{A5AC1EF6-B8F4-0578-2B75-AD955BF4E919}.Release|Any CPU.ActiveCfg = Release|Any CPU
		{A5AC1EF6-B8F4-0578-2B75-AD955BF4E919}.Release|Any CPU.Build.0 = Release|Any CPU
		{E7958D00-FE13-54E2-7D0D-B9689DA35260}.Debug|Any CPU.ActiveCfg = Debug|Any CPU
		{E7958D00-FE13-54E2-7D0D-B9689DA35260}.Debug|Any CPU.Build.0 = Debug|Any CPU
		{E7958D00-FE13-54E2-7D0D-B9689DA35260}.Release|Any CPU.ActiveCfg = Release|Any CPU
		{E7958D00-FE13-54E2-7D0D-B9689DA35260}.Release|Any CPU.Build.0 = Release|Any CPU
		{039B16B2-AA32-2086-5E55-76F3C292B2C6}.Debug|Any CPU.ActiveCfg = Debug|Any CPU
		{039B16B2-AA32-2086-5E55-76F3C292B2C6}.Debug|Any CPU.Build.0 = Debug|Any CPU
		{039B16B2-AA32-2086-5E55-76F3C292B2C6}.Release|Any CPU.ActiveCfg = Release|Any CPU
		{039B16B2-AA32-2086-5E55-76F3C292B2C6}.Release|Any CPU.Build.0 = Release|Any CPU
		{389175B6-4F52-F059-3BDB-F71A160D1317}.Debug|Any CPU.ActiveCfg = Debug|Any CPU
		{389175B6-4F52-F059-3BDB-F71A160D1317}.Debug|Any CPU.Build.0 = Debug|Any CPU
		{389175B6-4F52-F059-3BDB-F71A160D1317}.Release|Any CPU.ActiveCfg = Release|Any CPU
		{389175B6-4F52-F059-3BDB-F71A160D1317}.Release|Any CPU.Build.0 = Release|Any CPU
		{1F831906-5260-0D50-0E8B-DE9778E3C04B}.Debug|Any CPU.ActiveCfg = Debug|Any CPU
		{1F831906-5260-0D50-0E8B-DE9778E3C04B}.Debug|Any CPU.Build.0 = Debug|Any CPU
		{1F831906-5260-0D50-0E8B-DE9778E3C04B}.Release|Any CPU.ActiveCfg = Release|Any CPU
		{1F831906-5260-0D50-0E8B-DE9778E3C04B}.Release|Any CPU.Build.0 = Release|Any CPU
		{E6B0E291-0154-DD0B-D1A4-A121523CDF8D}.Debug|Any CPU.ActiveCfg = Debug|Any CPU
		{E6B0E291-0154-DD0B-D1A4-A121523CDF8D}.Debug|Any CPU.Build.0 = Debug|Any CPU
		{E6B0E291-0154-DD0B-D1A4-A121523CDF8D}.Release|Any CPU.ActiveCfg = Release|Any CPU
		{E6B0E291-0154-DD0B-D1A4-A121523CDF8D}.Release|Any CPU.Build.0 = Release|Any CPU
		{008A6555-4ED2-BAC6-F241-8AC7C7C86260}.Debug|Any CPU.ActiveCfg = Debug|Any CPU
		{008A6555-4ED2-BAC6-F241-8AC7C7C86260}.Debug|Any CPU.Build.0 = Debug|Any CPU
		{008A6555-4ED2-BAC6-F241-8AC7C7C86260}.Release|Any CPU.ActiveCfg = Release|Any CPU
		{008A6555-4ED2-BAC6-F241-8AC7C7C86260}.Release|Any CPU.Build.0 = Release|Any CPU
		{54A762C1-F78A-83C5-DF9D-E331FC1A9C8E}.Debug|Any CPU.ActiveCfg = Debug|Any CPU
		{54A762C1-F78A-83C5-DF9D-E331FC1A9C8E}.Debug|Any CPU.Build.0 = Debug|Any CPU
		{54A762C1-F78A-83C5-DF9D-E331FC1A9C8E}.Release|Any CPU.ActiveCfg = Release|Any CPU
		{54A762C1-F78A-83C5-DF9D-E331FC1A9C8E}.Release|Any CPU.Build.0 = Release|Any CPU
		{DBB1AEFB-6AE4-993C-0E0E-BF5C9544638E}.Debug|Any CPU.ActiveCfg = Debug|Any CPU
		{DBB1AEFB-6AE4-993C-0E0E-BF5C9544638E}.Debug|Any CPU.Build.0 = Debug|Any CPU
		{DBB1AEFB-6AE4-993C-0E0E-BF5C9544638E}.Release|Any CPU.ActiveCfg = Release|Any CPU
		{DBB1AEFB-6AE4-993C-0E0E-BF5C9544638E}.Release|Any CPU.Build.0 = Release|Any CPU
		{CDE16A09-D330-8EAD-E358-E43EF5AD1D5B}.Debug|Any CPU.ActiveCfg = Debug|Any CPU
		{CDE16A09-D330-8EAD-E358-E43EF5AD1D5B}.Debug|Any CPU.Build.0 = Debug|Any CPU
		{CDE16A09-D330-8EAD-E358-E43EF5AD1D5B}.Release|Any CPU.ActiveCfg = Release|Any CPU
		{CDE16A09-D330-8EAD-E358-E43EF5AD1D5B}.Release|Any CPU.Build.0 = Release|Any CPU
		{20FB2EF5-8902-0735-C495-235D9D17E4D1}.Debug|Any CPU.ActiveCfg = Debug|Any CPU
		{20FB2EF5-8902-0735-C495-235D9D17E4D1}.Debug|Any CPU.Build.0 = Debug|Any CPU
		{20FB2EF5-8902-0735-C495-235D9D17E4D1}.Release|Any CPU.ActiveCfg = Release|Any CPU
		{20FB2EF5-8902-0735-C495-235D9D17E4D1}.Release|Any CPU.Build.0 = Release|Any CPU
		{CEF5A5D9-ABCB-8150-5ACB-50E69A503FA4}.Debug|Any CPU.ActiveCfg = Debug|Any CPU
		{CEF5A5D9-ABCB-8150-5ACB-50E69A503FA4}.Debug|Any CPU.Build.0 = Debug|Any CPU
		{CEF5A5D9-ABCB-8150-5ACB-50E69A503FA4}.Release|Any CPU.ActiveCfg = Release|Any CPU
		{CEF5A5D9-ABCB-8150-5ACB-50E69A503FA4}.Release|Any CPU.Build.0 = Release|Any CPU
		{AF52C81C-B3DB-1A48-238F-9EFB628AF9A8}.Debug|Any CPU.ActiveCfg = Debug|Any CPU
		{AF52C81C-B3DB-1A48-238F-9EFB628AF9A8}.Debug|Any CPU.Build.0 = Debug|Any CPU
		{AF52C81C-B3DB-1A48-238F-9EFB628AF9A8}.Release|Any CPU.ActiveCfg = Release|Any CPU
		{AF52C81C-B3DB-1A48-238F-9EFB628AF9A8}.Release|Any CPU.Build.0 = Release|Any CPU
		{71E838C2-087C-5456-61A3-33E8BD69585C}.Debug|Any CPU.ActiveCfg = Debug|Any CPU
		{71E838C2-087C-5456-61A3-33E8BD69585C}.Debug|Any CPU.Build.0 = Debug|Any CPU
		{71E838C2-087C-5456-61A3-33E8BD69585C}.Release|Any CPU.ActiveCfg = Release|Any CPU
		{71E838C2-087C-5456-61A3-33E8BD69585C}.Release|Any CPU.Build.0 = Release|Any CPU
		{B0E0F256-6817-C955-53F2-600A0318CC3D}.Debug|Any CPU.ActiveCfg = Debug|Any CPU
		{B0E0F256-6817-C955-53F2-600A0318CC3D}.Debug|Any CPU.Build.0 = Debug|Any CPU
		{B0E0F256-6817-C955-53F2-600A0318CC3D}.Release|Any CPU.ActiveCfg = Release|Any CPU
		{B0E0F256-6817-C955-53F2-600A0318CC3D}.Release|Any CPU.Build.0 = Release|Any CPU
		{AACFB59A-4782-AA94-1AA0-438522430595}.Debug|Any CPU.ActiveCfg = Debug|Any CPU
		{AACFB59A-4782-AA94-1AA0-438522430595}.Debug|Any CPU.Build.0 = Debug|Any CPU
		{AACFB59A-4782-AA94-1AA0-438522430595}.Release|Any CPU.ActiveCfg = Release|Any CPU
		{AACFB59A-4782-AA94-1AA0-438522430595}.Release|Any CPU.Build.0 = Release|Any CPU
		{68E56092-DEBB-912E-ED76-6E26BBEE0D42}.Debug|Any CPU.ActiveCfg = Debug|Any CPU
		{68E56092-DEBB-912E-ED76-6E26BBEE0D42}.Debug|Any CPU.Build.0 = Debug|Any CPU
		{68E56092-DEBB-912E-ED76-6E26BBEE0D42}.Release|Any CPU.ActiveCfg = Release|Any CPU
		{68E56092-DEBB-912E-ED76-6E26BBEE0D42}.Release|Any CPU.Build.0 = Release|Any CPU
		{97374C40-CA15-ACDF-0C30-216982A48E34}.Debug|Any CPU.ActiveCfg = Debug|Any CPU
		{97374C40-CA15-ACDF-0C30-216982A48E34}.Debug|Any CPU.Build.0 = Debug|Any CPU
		{97374C40-CA15-ACDF-0C30-216982A48E34}.Release|Any CPU.ActiveCfg = Release|Any CPU
		{97374C40-CA15-ACDF-0C30-216982A48E34}.Release|Any CPU.Build.0 = Release|Any CPU
		{2F562CB6-30EC-41A9-558D-39981215991E}.Debug|Any CPU.ActiveCfg = Debug|Any CPU
		{2F562CB6-30EC-41A9-558D-39981215991E}.Debug|Any CPU.Build.0 = Debug|Any CPU
		{2F562CB6-30EC-41A9-558D-39981215991E}.Release|Any CPU.ActiveCfg = Release|Any CPU
		{2F562CB6-30EC-41A9-558D-39981215991E}.Release|Any CPU.Build.0 = Release|Any CPU
		{F73A0E17-E54D-CC9A-AD4F-BEFACDD5296E}.Debug|Any CPU.ActiveCfg = Debug|Any CPU
		{F73A0E17-E54D-CC9A-AD4F-BEFACDD5296E}.Debug|Any CPU.Build.0 = Debug|Any CPU
		{F73A0E17-E54D-CC9A-AD4F-BEFACDD5296E}.Release|Any CPU.ActiveCfg = Release|Any CPU
		{F73A0E17-E54D-CC9A-AD4F-BEFACDD5296E}.Release|Any CPU.Build.0 = Release|Any CPU
		{9425518E-EA08-9FB1-6BE3-C90DF85B37FB}.Debug|Any CPU.ActiveCfg = Debug|Any CPU
		{9425518E-EA08-9FB1-6BE3-C90DF85B37FB}.Debug|Any CPU.Build.0 = Debug|Any CPU
		{9425518E-EA08-9FB1-6BE3-C90DF85B37FB}.Release|Any CPU.ActiveCfg = Release|Any CPU
		{9425518E-EA08-9FB1-6BE3-C90DF85B37FB}.Release|Any CPU.Build.0 = Release|Any CPU
		{4702DC91-861A-0657-69BF-9951ECF19E6A}.Debug|Any CPU.ActiveCfg = Debug|Any CPU
		{4702DC91-861A-0657-69BF-9951ECF19E6A}.Debug|Any CPU.Build.0 = Debug|Any CPU
		{4702DC91-861A-0657-69BF-9951ECF19E6A}.Release|Any CPU.ActiveCfg = Release|Any CPU
		{4702DC91-861A-0657-69BF-9951ECF19E6A}.Release|Any CPU.Build.0 = Release|Any CPU
		{CB7B02D7-5C81-5CE7-DD98-8C6DA452A952}.Debug|Any CPU.ActiveCfg = Debug|Any CPU
		{CB7B02D7-5C81-5CE7-DD98-8C6DA452A952}.Debug|Any CPU.Build.0 = Debug|Any CPU
		{CB7B02D7-5C81-5CE7-DD98-8C6DA452A952}.Release|Any CPU.ActiveCfg = Release|Any CPU
		{CB7B02D7-5C81-5CE7-DD98-8C6DA452A952}.Release|Any CPU.Build.0 = Release|Any CPU
		{0DCEBB2A-5109-C468-B08B-9FA9EB797D66}.Debug|Any CPU.ActiveCfg = Debug|Any CPU
		{0DCEBB2A-5109-C468-B08B-9FA9EB797D66}.Debug|Any CPU.Build.0 = Debug|Any CPU
		{0DCEBB2A-5109-C468-B08B-9FA9EB797D66}.Release|Any CPU.ActiveCfg = Release|Any CPU
		{0DCEBB2A-5109-C468-B08B-9FA9EB797D66}.Release|Any CPU.Build.0 = Release|Any CPU
		{F4294B1F-FBD7-8A92-4171-819C1AB4823C}.Debug|Any CPU.ActiveCfg = Debug|Any CPU
		{F4294B1F-FBD7-8A92-4171-819C1AB4823C}.Debug|Any CPU.Build.0 = Debug|Any CPU
		{F4294B1F-FBD7-8A92-4171-819C1AB4823C}.Release|Any CPU.ActiveCfg = Release|Any CPU
		{F4294B1F-FBD7-8A92-4171-819C1AB4823C}.Release|Any CPU.Build.0 = Release|Any CPU
		{D1DB2BCD-3750-0B2E-BAF5-A7601961C252}.Debug|Any CPU.ActiveCfg = Debug|Any CPU
		{D1DB2BCD-3750-0B2E-BAF5-A7601961C252}.Debug|Any CPU.Build.0 = Debug|Any CPU
		{D1DB2BCD-3750-0B2E-BAF5-A7601961C252}.Release|Any CPU.ActiveCfg = Release|Any CPU
		{D1DB2BCD-3750-0B2E-BAF5-A7601961C252}.Release|Any CPU.Build.0 = Release|Any CPU
		{77235F58-D8E9-B717-E490-766AB2332F15}.Debug|Any CPU.ActiveCfg = Debug|Any CPU
		{77235F58-D8E9-B717-E490-766AB2332F15}.Debug|Any CPU.Build.0 = Debug|Any CPU
		{77235F58-D8E9-B717-E490-766AB2332F15}.Release|Any CPU.ActiveCfg = Release|Any CPU
		{77235F58-D8E9-B717-E490-766AB2332F15}.Release|Any CPU.Build.0 = Release|Any CPU
		{86646818-48BD-D927-6894-18B8E985C2D4}.Debug|Any CPU.ActiveCfg = Debug|Any CPU
		{86646818-48BD-D927-6894-18B8E985C2D4}.Debug|Any CPU.Build.0 = Debug|Any CPU
		{86646818-48BD-D927-6894-18B8E985C2D4}.Release|Any CPU.ActiveCfg = Release|Any CPU
		{86646818-48BD-D927-6894-18B8E985C2D4}.Release|Any CPU.Build.0 = Release|Any CPU
		{AD3CFB34-BF94-4D04-8538-3283CAA4280C}.Debug|Any CPU.ActiveCfg = Debug|Any CPU
		{AD3CFB34-BF94-4D04-8538-3283CAA4280C}.Debug|Any CPU.Build.0 = Debug|Any CPU
		{AD3CFB34-BF94-4D04-8538-3283CAA4280C}.Release|Any CPU.ActiveCfg = Release|Any CPU
		{AD3CFB34-BF94-4D04-8538-3283CAA4280C}.Release|Any CPU.Build.0 = Release|Any CPU
		{194AF3DA-459F-9E52-4353-A41D5523B219}.Debug|Any CPU.ActiveCfg = Debug|Any CPU
		{194AF3DA-459F-9E52-4353-A41D5523B219}.Debug|Any CPU.Build.0 = Debug|Any CPU
		{194AF3DA-459F-9E52-4353-A41D5523B219}.Release|Any CPU.ActiveCfg = Release|Any CPU
		{194AF3DA-459F-9E52-4353-A41D5523B219}.Release|Any CPU.Build.0 = Release|Any CPU
		{AE219741-358D-1538-5157-122AFEDAF1AD}.Debug|Any CPU.ActiveCfg = Debug|Any CPU
		{AE219741-358D-1538-5157-122AFEDAF1AD}.Debug|Any CPU.Build.0 = Debug|Any CPU
		{AE219741-358D-1538-5157-122AFEDAF1AD}.Release|Any CPU.ActiveCfg = Release|Any CPU
		{AE219741-358D-1538-5157-122AFEDAF1AD}.Release|Any CPU.Build.0 = Release|Any CPU
		{7FB62071-B4D6-DE13-14C2-745CB0ACAB50}.Debug|Any CPU.ActiveCfg = Debug|Any CPU
		{7FB62071-B4D6-DE13-14C2-745CB0ACAB50}.Debug|Any CPU.Build.0 = Debug|Any CPU
		{7FB62071-B4D6-DE13-14C2-745CB0ACAB50}.Release|Any CPU.ActiveCfg = Release|Any CPU
		{7FB62071-B4D6-DE13-14C2-745CB0ACAB50}.Release|Any CPU.Build.0 = Release|Any CPU
		{15827FEB-62D3-2C04-E3C5-2C6D8BC85D48}.Debug|Any CPU.ActiveCfg = Debug|Any CPU
		{15827FEB-62D3-2C04-E3C5-2C6D8BC85D48}.Debug|Any CPU.Build.0 = Debug|Any CPU
		{15827FEB-62D3-2C04-E3C5-2C6D8BC85D48}.Release|Any CPU.ActiveCfg = Release|Any CPU
		{15827FEB-62D3-2C04-E3C5-2C6D8BC85D48}.Release|Any CPU.Build.0 = Release|Any CPU
		{92040C29-FD8B-E3C8-7762-E57C40E38244}.Debug|Any CPU.ActiveCfg = Debug|Any CPU
		{92040C29-FD8B-E3C8-7762-E57C40E38244}.Debug|Any CPU.Build.0 = Debug|Any CPU
		{92040C29-FD8B-E3C8-7762-E57C40E38244}.Release|Any CPU.ActiveCfg = Release|Any CPU
		{92040C29-FD8B-E3C8-7762-E57C40E38244}.Release|Any CPU.Build.0 = Release|Any CPU
		{98AA0632-A9C6-C8AF-6C6E-E58781C437F7}.Debug|Any CPU.ActiveCfg = Debug|Any CPU
		{98AA0632-A9C6-C8AF-6C6E-E58781C437F7}.Debug|Any CPU.Build.0 = Debug|Any CPU
		{98AA0632-A9C6-C8AF-6C6E-E58781C437F7}.Release|Any CPU.ActiveCfg = Release|Any CPU
		{98AA0632-A9C6-C8AF-6C6E-E58781C437F7}.Release|Any CPU.Build.0 = Release|Any CPU
		{026A8778-6E6F-9B2D-88C2-013954B87D02}.Debug|Any CPU.ActiveCfg = Debug|Any CPU
		{026A8778-6E6F-9B2D-88C2-013954B87D02}.Debug|Any CPU.Build.0 = Debug|Any CPU
		{026A8778-6E6F-9B2D-88C2-013954B87D02}.Release|Any CPU.ActiveCfg = Release|Any CPU
		{026A8778-6E6F-9B2D-88C2-013954B87D02}.Release|Any CPU.Build.0 = Release|Any CPU
		{2732355A-F59A-64A6-31A7-A54BF24A6712}.Debug|Any CPU.ActiveCfg = Debug|Any CPU
		{2732355A-F59A-64A6-31A7-A54BF24A6712}.Debug|Any CPU.Build.0 = Debug|Any CPU
		{2732355A-F59A-64A6-31A7-A54BF24A6712}.Release|Any CPU.ActiveCfg = Release|Any CPU
		{2732355A-F59A-64A6-31A7-A54BF24A6712}.Release|Any CPU.Build.0 = Release|Any CPU
		{285E5E86-1334-D3F3-4D51-4B125C6A02D3}.Debug|Any CPU.ActiveCfg = Debug|Any CPU
		{285E5E86-1334-D3F3-4D51-4B125C6A02D3}.Debug|Any CPU.Build.0 = Debug|Any CPU
		{285E5E86-1334-D3F3-4D51-4B125C6A02D3}.Release|Any CPU.ActiveCfg = Release|Any CPU
		{285E5E86-1334-D3F3-4D51-4B125C6A02D3}.Release|Any CPU.Build.0 = Release|Any CPU
		{97A59CB9-AFD7-ACD5-B2A0-04F8BDF158A3}.Debug|Any CPU.ActiveCfg = Debug|Any CPU
		{97A59CB9-AFD7-ACD5-B2A0-04F8BDF158A3}.Debug|Any CPU.Build.0 = Debug|Any CPU
		{97A59CB9-AFD7-ACD5-B2A0-04F8BDF158A3}.Release|Any CPU.ActiveCfg = Release|Any CPU
		{97A59CB9-AFD7-ACD5-B2A0-04F8BDF158A3}.Release|Any CPU.Build.0 = Release|Any CPU
		{3A2F6427-FA81-8553-873F-52CA778487ED}.Debug|Any CPU.ActiveCfg = Debug|Any CPU
		{3A2F6427-FA81-8553-873F-52CA778487ED}.Debug|Any CPU.Build.0 = Debug|Any CPU
		{3A2F6427-FA81-8553-873F-52CA778487ED}.Release|Any CPU.ActiveCfg = Release|Any CPU
		{3A2F6427-FA81-8553-873F-52CA778487ED}.Release|Any CPU.Build.0 = Release|Any CPU
		{1815B3A6-47A4-D768-7399-F04A3A77E1B4}.Debug|Any CPU.ActiveCfg = Debug|Any CPU
		{1815B3A6-47A4-D768-7399-F04A3A77E1B4}.Debug|Any CPU.Build.0 = Debug|Any CPU
		{1815B3A6-47A4-D768-7399-F04A3A77E1B4}.Release|Any CPU.ActiveCfg = Release|Any CPU
		{1815B3A6-47A4-D768-7399-F04A3A77E1B4}.Release|Any CPU.Build.0 = Release|Any CPU
		{A17EB92D-2E28-5476-6C39-2FC03640DCCC}.Debug|Any CPU.ActiveCfg = Debug|Any CPU
		{A17EB92D-2E28-5476-6C39-2FC03640DCCC}.Debug|Any CPU.Build.0 = Debug|Any CPU
		{A17EB92D-2E28-5476-6C39-2FC03640DCCC}.Release|Any CPU.ActiveCfg = Release|Any CPU
		{A17EB92D-2E28-5476-6C39-2FC03640DCCC}.Release|Any CPU.Build.0 = Release|Any CPU
		{5BE7C894-1857-AF83-FB6C-C9BF1DE8345A}.Debug|Any CPU.ActiveCfg = Debug|Any CPU
		{5BE7C894-1857-AF83-FB6C-C9BF1DE8345A}.Debug|Any CPU.Build.0 = Debug|Any CPU
		{5BE7C894-1857-AF83-FB6C-C9BF1DE8345A}.Release|Any CPU.ActiveCfg = Release|Any CPU
		{5BE7C894-1857-AF83-FB6C-C9BF1DE8345A}.Release|Any CPU.Build.0 = Release|Any CPU
		{83C7F598-23EE-1C08-34A3-1AD58214BB8E}.Debug|Any CPU.ActiveCfg = Debug|Any CPU
		{83C7F598-23EE-1C08-34A3-1AD58214BB8E}.Debug|Any CPU.Build.0 = Debug|Any CPU
		{83C7F598-23EE-1C08-34A3-1AD58214BB8E}.Release|Any CPU.ActiveCfg = Release|Any CPU
		{83C7F598-23EE-1C08-34A3-1AD58214BB8E}.Release|Any CPU.Build.0 = Release|Any CPU
		{1FF77373-4611-2DE0-ED16-3D5C59642877}.Debug|Any CPU.ActiveCfg = Debug|Any CPU
		{1FF77373-4611-2DE0-ED16-3D5C59642877}.Debug|Any CPU.Build.0 = Debug|Any CPU
		{1FF77373-4611-2DE0-ED16-3D5C59642877}.Release|Any CPU.ActiveCfg = Release|Any CPU
		{1FF77373-4611-2DE0-ED16-3D5C59642877}.Release|Any CPU.Build.0 = Release|Any CPU
		{AC833B55-0A0F-2E45-75ED-98755437A5C1}.Debug|Any CPU.ActiveCfg = Debug|Any CPU
		{AC833B55-0A0F-2E45-75ED-98755437A5C1}.Debug|Any CPU.Build.0 = Debug|Any CPU
		{AC833B55-0A0F-2E45-75ED-98755437A5C1}.Release|Any CPU.ActiveCfg = Release|Any CPU
		{AC833B55-0A0F-2E45-75ED-98755437A5C1}.Release|Any CPU.Build.0 = Release|Any CPU
		{6B932DE1-586B-6332-5128-B9D504F430E9}.Debug|Any CPU.ActiveCfg = Debug|Any CPU
		{6B932DE1-586B-6332-5128-B9D504F430E9}.Debug|Any CPU.Build.0 = Debug|Any CPU
		{6B932DE1-586B-6332-5128-B9D504F430E9}.Release|Any CPU.ActiveCfg = Release|Any CPU
		{6B932DE1-586B-6332-5128-B9D504F430E9}.Release|Any CPU.Build.0 = Release|Any CPU
		{43E4237D-48B3-E8F7-72A5-56E275709CCD}.Debug|Any CPU.ActiveCfg = Debug|Any CPU
		{43E4237D-48B3-E8F7-72A5-56E275709CCD}.Debug|Any CPU.Build.0 = Debug|Any CPU
		{43E4237D-48B3-E8F7-72A5-56E275709CCD}.Release|Any CPU.ActiveCfg = Release|Any CPU
		{43E4237D-48B3-E8F7-72A5-56E275709CCD}.Release|Any CPU.Build.0 = Release|Any CPU
	EndGlobalSection
	GlobalSection(SolutionProperties) = preSolution
		HideSolutionNode = FALSE
	EndGlobalSection
EndGlobal
